
Microsoft Visual Studio Solution File, Format Version 12.00
# Visual Studio Version 17
VisualStudioVersion = 17.3.32825.248
MinimumVisualStudioVersion = 10.0.40219.1
Project("{FAE04EC0-301F-11D3-BF4B-00C04F79EFBC}") = "VPC", "VPC.Net48\VPC.csproj", "{D676A70F-B596-4150-968E-3D11DDDE29C3}"
EndProject
Project("{FAE04EC0-301F-11D3-BF4B-00C04F79EFBC}") = "Common.UI.Lib", "..\Cmn.Net48\Common.UI.Lib\Common.UI.Lib.csproj", "{2D4E577E-CDC4-4319-9B90-CD2748A1B75C}"
EndProject
Project("{FAE04EC0-301F-11D3-BF4B-00C04F79EFBC}") = "AAV.WPF.4.8", "..\..\..\AAV.Shared\Src\Net4.8\AAV.WPF\AAV.WPF.4.8.csproj", "{DF459A59-5C58-4930-AB44-9B3D6E36CD98}"
EndProject
Project("{FAE04EC0-301F-11D3-BF4B-00C04F79EFBC}") = "AAV.Mvvm", "..\..\..\AAV.Shared\Src\Net4.8\AAV.Mvvm\AAV.Mvvm.csproj", "{AA5C34CF-6F6A-4B2C-B067-D9AABCAC1B6B}"
EndProject
Project("{2150E333-8FDC-42A3-9474-1A3956D46DE8}") = "48", "48", "{66326038-3694-4447-BA6E-8B6185B82F98}"
EndProject
Project("{2150E333-8FDC-42A3-9474-1A3956D46DE8}") = "50", "50", "{BB64AF01-2416-4698-81FE-F3D618CFDE9B}"
EndProject
Project("{9A19103F-16F7-4668-BE54-9A1E7A4F7556}") = "Common.UI.Lib", "..\Cmn\Common.UI.Lib\Common.UI.Lib.csproj", "{09737A87-92B1-4E3C-93B6-1D4377F5FAAC}"
EndProject
Project("{9A19103F-16F7-4668-BE54-9A1E7A4F7556}") = "VPC", "VPC\VPC.csproj", "{720B967A-6F4C-4E67-8493-20F6D6AD30F7}"
EndProject
Project("{9A19103F-16F7-4668-BE54-9A1E7A4F7556}") = "AAV.Mvvm", "..\..\..\AAV.Shared\Src\Net6.0\AAV.Mvvm\AAV.Mvvm.csproj", "{01A0CE1F-5564-4B73-897B-0633B42EECBD}"
EndProject
Project("{9A19103F-16F7-4668-BE54-9A1E7A4F7556}") = "AAV.WPF", "..\..\..\AAV.Shared\Src\Net6.0\AAV.WPF\AAV.WPF.csproj", "{6F104FAF-73BE-4AA9-AAFC-7149F9CDEA75}"
EndProject
Project("{9A19103F-16F7-4668-BE54-9A1E7A4F7556}") = "StandardLib", "..\..\..\AAV.Shared\Src\NetLts\StandardLib\StandardLib.csproj", "{3B0FD38E-1A0F-43A0-985B-D3DB701D7E68}"
EndProject
Project("{9A19103F-16F7-4668-BE54-9A1E7A4F7556}") = "AmbienceLib", "..\..\..\AAV.Shared\Src\NetLts\Ambience\AmbienceLib.csproj", "{80368039-A7A4-4389-9041-AEC0617BC59B}"
EndProject
Project("{9A19103F-16F7-4668-BE54-9A1E7A4F7556}") = "AAV.Sys.8.0", "..\..\..\AAV.Shared\Src\Net6.0\AAV.Sys\AAV.Sys.8.0.csproj", "{2EA49382-A5E2-404A-BED4-74618270E247}"
EndProject
Project("{9A19103F-16F7-4668-BE54-9A1E7A4F7556}") = "StandardContractsLib", "..\..\..\AAV.Shared\Src\NetLts\StandardContractsLib\StandardContractsLib.csproj", "{51A42ABE-5E4B-403E-8AB8-B8E0505B004C}"
EndProject
Global
	GlobalSection(SolutionConfigurationPlatforms) = preSolution
		BldRls|Any CPU = BldRls|Any CPU
		BldRls|x64 = BldRls|x64
		BldRls|x86 = BldRls|x86
		Debug|Any CPU = Debug|Any CPU
		Debug|x64 = Debug|x64
		Debug|x86 = Debug|x86
		Release|Any CPU = Release|Any CPU
		Release|x64 = Release|x64
		Release|x86 = Release|x86
	EndGlobalSection
	GlobalSection(ProjectConfigurationPlatforms) = postSolution
		{D676A70F-B596-4150-968E-3D11DDDE29C3}.BldRls|Any CPU.ActiveCfg = Release|Any CPU
		{D676A70F-B596-4150-968E-3D11DDDE29C3}.BldRls|x64.ActiveCfg = Release|Any CPU
		{D676A70F-B596-4150-968E-3D11DDDE29C3}.BldRls|x86.ActiveCfg = Release|x86
		{D676A70F-B596-4150-968E-3D11DDDE29C3}.Debug|Any CPU.ActiveCfg = Debug|Any CPU
		{D676A70F-B596-4150-968E-3D11DDDE29C3}.Debug|Any CPU.Build.0 = Debug|Any CPU
		{D676A70F-B596-4150-968E-3D11DDDE29C3}.Debug|x64.ActiveCfg = Debug|Any CPU
		{D676A70F-B596-4150-968E-3D11DDDE29C3}.Debug|x64.Build.0 = Debug|Any CPU
		{D676A70F-B596-4150-968E-3D11DDDE29C3}.Debug|x86.ActiveCfg = Debug|x86
		{D676A70F-B596-4150-968E-3D11DDDE29C3}.Debug|x86.Build.0 = Debug|x86
		{D676A70F-B596-4150-968E-3D11DDDE29C3}.Release|Any CPU.ActiveCfg = Release|Any CPU
		{D676A70F-B596-4150-968E-3D11DDDE29C3}.Release|Any CPU.Build.0 = Release|Any CPU
		{D676A70F-B596-4150-968E-3D11DDDE29C3}.Release|Any CPU.Deploy.0 = Release|Any CPU
		{D676A70F-B596-4150-968E-3D11DDDE29C3}.Release|x64.ActiveCfg = Release|Any CPU
		{D676A70F-B596-4150-968E-3D11DDDE29C3}.Release|x64.Build.0 = Release|Any CPU
		{D676A70F-B596-4150-968E-3D11DDDE29C3}.Release|x86.ActiveCfg = Release|x86
		{D676A70F-B596-4150-968E-3D11DDDE29C3}.Release|x86.Build.0 = Release|x86
		{2D4E577E-CDC4-4319-9B90-CD2748A1B75C}.BldRls|Any CPU.ActiveCfg = Release|Any CPU
		{2D4E577E-CDC4-4319-9B90-CD2748A1B75C}.BldRls|x64.ActiveCfg = Release|Any CPU
		{2D4E577E-CDC4-4319-9B90-CD2748A1B75C}.BldRls|x86.ActiveCfg = Release|x86
		{2D4E577E-CDC4-4319-9B90-CD2748A1B75C}.Debug|Any CPU.ActiveCfg = Debug|Any CPU
		{2D4E577E-CDC4-4319-9B90-CD2748A1B75C}.Debug|Any CPU.Build.0 = Debug|Any CPU
		{2D4E577E-CDC4-4319-9B90-CD2748A1B75C}.Debug|x64.ActiveCfg = Debug|Any CPU
		{2D4E577E-CDC4-4319-9B90-CD2748A1B75C}.Debug|x64.Build.0 = Debug|Any CPU
		{2D4E577E-CDC4-4319-9B90-CD2748A1B75C}.Debug|x86.ActiveCfg = Debug|x86
		{2D4E577E-CDC4-4319-9B90-CD2748A1B75C}.Debug|x86.Build.0 = Debug|x86
		{2D4E577E-CDC4-4319-9B90-CD2748A1B75C}.Release|Any CPU.ActiveCfg = Release|Any CPU
		{2D4E577E-CDC4-4319-9B90-CD2748A1B75C}.Release|Any CPU.Build.0 = Release|Any CPU
		{2D4E577E-CDC4-4319-9B90-CD2748A1B75C}.Release|x64.ActiveCfg = Release|Any CPU
		{2D4E577E-CDC4-4319-9B90-CD2748A1B75C}.Release|x64.Build.0 = Release|Any CPU
		{2D4E577E-CDC4-4319-9B90-CD2748A1B75C}.Release|x86.ActiveCfg = Release|x86
		{2D4E577E-CDC4-4319-9B90-CD2748A1B75C}.Release|x86.Build.0 = Release|x86
		{DF459A59-5C58-4930-AB44-9B3D6E36CD98}.BldRls|Any CPU.ActiveCfg = Release|Any CPU
		{DF459A59-5C58-4930-AB44-9B3D6E36CD98}.BldRls|x64.ActiveCfg = Release|x64
		{DF459A59-5C58-4930-AB44-9B3D6E36CD98}.BldRls|x86.ActiveCfg = Release|x86
		{DF459A59-5C58-4930-AB44-9B3D6E36CD98}.Debug|Any CPU.ActiveCfg = Debug|Any CPU
		{DF459A59-5C58-4930-AB44-9B3D6E36CD98}.Debug|Any CPU.Build.0 = Debug|Any CPU
		{DF459A59-5C58-4930-AB44-9B3D6E36CD98}.Debug|x64.ActiveCfg = Debug|x64
		{DF459A59-5C58-4930-AB44-9B3D6E36CD98}.Debug|x64.Build.0 = Debug|x64
		{DF459A59-5C58-4930-AB44-9B3D6E36CD98}.Debug|x86.ActiveCfg = Debug|x86
		{DF459A59-5C58-4930-AB44-9B3D6E36CD98}.Debug|x86.Build.0 = Debug|x86
		{DF459A59-5C58-4930-AB44-9B3D6E36CD98}.Release|Any CPU.ActiveCfg = Release|Any CPU
		{DF459A59-5C58-4930-AB44-9B3D6E36CD98}.Release|Any CPU.Build.0 = Release|Any CPU
		{DF459A59-5C58-4930-AB44-9B3D6E36CD98}.Release|x64.ActiveCfg = Release|x64
		{DF459A59-5C58-4930-AB44-9B3D6E36CD98}.Release|x64.Build.0 = Release|x64
		{DF459A59-5C58-4930-AB44-9B3D6E36CD98}.Release|x86.ActiveCfg = Release|x86
		{DF459A59-5C58-4930-AB44-9B3D6E36CD98}.Release|x86.Build.0 = Release|x86
		{AA5C34CF-6F6A-4B2C-B067-D9AABCAC1B6B}.BldRls|Any CPU.ActiveCfg = Release|Any CPU
		{AA5C34CF-6F6A-4B2C-B067-D9AABCAC1B6B}.BldRls|x64.ActiveCfg = Release|x64
		{AA5C34CF-6F6A-4B2C-B067-D9AABCAC1B6B}.BldRls|x86.ActiveCfg = Release|x86
		{AA5C34CF-6F6A-4B2C-B067-D9AABCAC1B6B}.Debug|Any CPU.ActiveCfg = Debug|Any CPU
		{AA5C34CF-6F6A-4B2C-B067-D9AABCAC1B6B}.Debug|Any CPU.Build.0 = Debug|Any CPU
		{AA5C34CF-6F6A-4B2C-B067-D9AABCAC1B6B}.Debug|x64.ActiveCfg = Debug|x64
		{AA5C34CF-6F6A-4B2C-B067-D9AABCAC1B6B}.Debug|x64.Build.0 = Debug|x64
		{AA5C34CF-6F6A-4B2C-B067-D9AABCAC1B6B}.Debug|x86.ActiveCfg = Debug|x86
		{AA5C34CF-6F6A-4B2C-B067-D9AABCAC1B6B}.Debug|x86.Build.0 = Debug|x86
		{AA5C34CF-6F6A-4B2C-B067-D9AABCAC1B6B}.Release|Any CPU.ActiveCfg = Release|Any CPU
		{AA5C34CF-6F6A-4B2C-B067-D9AABCAC1B6B}.Release|Any CPU.Build.0 = Release|Any CPU
		{AA5C34CF-6F6A-4B2C-B067-D9AABCAC1B6B}.Release|x64.ActiveCfg = Release|x64
		{AA5C34CF-6F6A-4B2C-B067-D9AABCAC1B6B}.Release|x64.Build.0 = Release|x64
		{AA5C34CF-6F6A-4B2C-B067-D9AABCAC1B6B}.Release|x86.ActiveCfg = Release|x86
		{AA5C34CF-6F6A-4B2C-B067-D9AABCAC1B6B}.Release|x86.Build.0 = Release|x86
		{09737A87-92B1-4E3C-93B6-1D4377F5FAAC}.BldRls|Any CPU.ActiveCfg = BldRls|Any CPU
		{09737A87-92B1-4E3C-93B6-1D4377F5FAAC}.BldRls|Any CPU.Build.0 = BldRls|Any CPU
		{09737A87-92B1-4E3C-93B6-1D4377F5FAAC}.BldRls|x64.ActiveCfg = BldRls|Any CPU
		{09737A87-92B1-4E3C-93B6-1D4377F5FAAC}.BldRls|x64.Build.0 = BldRls|Any CPU
		{09737A87-92B1-4E3C-93B6-1D4377F5FAAC}.BldRls|x86.ActiveCfg = BldRls|Any CPU
		{09737A87-92B1-4E3C-93B6-1D4377F5FAAC}.BldRls|x86.Build.0 = BldRls|Any CPU
		{09737A87-92B1-4E3C-93B6-1D4377F5FAAC}.Debug|Any CPU.ActiveCfg = Debug|Any CPU
		{09737A87-92B1-4E3C-93B6-1D4377F5FAAC}.Debug|Any CPU.Build.0 = Debug|Any CPU
		{09737A87-92B1-4E3C-93B6-1D4377F5FAAC}.Debug|x64.ActiveCfg = Debug|Any CPU
		{09737A87-92B1-4E3C-93B6-1D4377F5FAAC}.Debug|x64.Build.0 = Debug|Any CPU
		{09737A87-92B1-4E3C-93B6-1D4377F5FAAC}.Debug|x86.ActiveCfg = Debug|Any CPU
		{09737A87-92B1-4E3C-93B6-1D4377F5FAAC}.Debug|x86.Build.0 = Debug|Any CPU
		{09737A87-92B1-4E3C-93B6-1D4377F5FAAC}.Release|Any CPU.ActiveCfg = Release|Any CPU
		{09737A87-92B1-4E3C-93B6-1D4377F5FAAC}.Release|Any CPU.Build.0 = Release|Any CPU
		{09737A87-92B1-4E3C-93B6-1D4377F5FAAC}.Release|x64.ActiveCfg = Release|Any CPU
		{09737A87-92B1-4E3C-93B6-1D4377F5FAAC}.Release|x64.Build.0 = Release|Any CPU
		{09737A87-92B1-4E3C-93B6-1D4377F5FAAC}.Release|x86.ActiveCfg = Release|Any CPU
		{09737A87-92B1-4E3C-93B6-1D4377F5FAAC}.Release|x86.Build.0 = Release|Any CPU
		{720B967A-6F4C-4E67-8493-20F6D6AD30F7}.BldRls|Any CPU.ActiveCfg = BldRls|Any CPU
		{720B967A-6F4C-4E67-8493-20F6D6AD30F7}.BldRls|Any CPU.Build.0 = BldRls|Any CPU
		{720B967A-6F4C-4E67-8493-20F6D6AD30F7}.BldRls|x64.ActiveCfg = BldRls|Any CPU
		{720B967A-6F4C-4E67-8493-20F6D6AD30F7}.BldRls|x64.Build.0 = BldRls|Any CPU
		{720B967A-6F4C-4E67-8493-20F6D6AD30F7}.BldRls|x86.ActiveCfg = BldRls|Any CPU
		{720B967A-6F4C-4E67-8493-20F6D6AD30F7}.BldRls|x86.Build.0 = BldRls|Any CPU
		{720B967A-6F4C-4E67-8493-20F6D6AD30F7}.Debug|Any CPU.ActiveCfg = Debug|Any CPU
		{720B967A-6F4C-4E67-8493-20F6D6AD30F7}.Debug|Any CPU.Build.0 = Debug|Any CPU
		{720B967A-6F4C-4E67-8493-20F6D6AD30F7}.Debug|x64.ActiveCfg = Debug|Any CPU
		{720B967A-6F4C-4E67-8493-20F6D6AD30F7}.Debug|x64.Build.0 = Debug|Any CPU
		{720B967A-6F4C-4E67-8493-20F6D6AD30F7}.Debug|x86.ActiveCfg = Debug|Any CPU
		{720B967A-6F4C-4E67-8493-20F6D6AD30F7}.Debug|x86.Build.0 = Debug|Any CPU
		{720B967A-6F4C-4E67-8493-20F6D6AD30F7}.Release|Any CPU.ActiveCfg = Release|Any CPU
		{720B967A-6F4C-4E67-8493-20F6D6AD30F7}.Release|Any CPU.Build.0 = Release|Any CPU
		{720B967A-6F4C-4E67-8493-20F6D6AD30F7}.Release|x64.ActiveCfg = Release|Any CPU
		{720B967A-6F4C-4E67-8493-20F6D6AD30F7}.Release|x64.Build.0 = Release|Any CPU
		{720B967A-6F4C-4E67-8493-20F6D6AD30F7}.Release|x86.ActiveCfg = Release|Any CPU
		{720B967A-6F4C-4E67-8493-20F6D6AD30F7}.Release|x86.Build.0 = Release|Any CPU
		{01A0CE1F-5564-4B73-897B-0633B42EECBD}.BldRls|Any CPU.ActiveCfg = BldRls|Any CPU
		{01A0CE1F-5564-4B73-897B-0633B42EECBD}.BldRls|Any CPU.Build.0 = BldRls|Any CPU
		{01A0CE1F-5564-4B73-897B-0633B42EECBD}.BldRls|x64.ActiveCfg = BldRls|Any CPU
		{01A0CE1F-5564-4B73-897B-0633B42EECBD}.BldRls|x64.Build.0 = BldRls|Any CPU
		{01A0CE1F-5564-4B73-897B-0633B42EECBD}.BldRls|x86.ActiveCfg = BldRls|Any CPU
		{01A0CE1F-5564-4B73-897B-0633B42EECBD}.BldRls|x86.Build.0 = BldRls|Any CPU
		{01A0CE1F-5564-4B73-897B-0633B42EECBD}.Debug|Any CPU.ActiveCfg = Debug|Any CPU
		{01A0CE1F-5564-4B73-897B-0633B42EECBD}.Debug|Any CPU.Build.0 = Debug|Any CPU
		{01A0CE1F-5564-4B73-897B-0633B42EECBD}.Debug|x64.ActiveCfg = Debug|Any CPU
		{01A0CE1F-5564-4B73-897B-0633B42EECBD}.Debug|x64.Build.0 = Debug|Any CPU
		{01A0CE1F-5564-4B73-897B-0633B42EECBD}.Debug|x86.ActiveCfg = Debug|Any CPU
		{01A0CE1F-5564-4B73-897B-0633B42EECBD}.Debug|x86.Build.0 = Debug|Any CPU
		{01A0CE1F-5564-4B73-897B-0633B42EECBD}.Release|Any CPU.ActiveCfg = Release|Any CPU
		{01A0CE1F-5564-4B73-897B-0633B42EECBD}.Release|Any CPU.Build.0 = Release|Any CPU
		{01A0CE1F-5564-4B73-897B-0633B42EECBD}.Release|x64.ActiveCfg = Release|Any CPU
		{01A0CE1F-5564-4B73-897B-0633B42EECBD}.Release|x64.Build.0 = Release|Any CPU
		{01A0CE1F-5564-4B73-897B-0633B42EECBD}.Release|x86.ActiveCfg = Release|x86
		{01A0CE1F-5564-4B73-897B-0633B42EECBD}.Release|x86.Build.0 = Release|x86
		{6F104FAF-73BE-4AA9-AAFC-7149F9CDEA75}.BldRls|Any CPU.ActiveCfg = BldRls|Any CPU
		{6F104FAF-73BE-4AA9-AAFC-7149F9CDEA75}.BldRls|Any CPU.Build.0 = BldRls|Any CPU
		{6F104FAF-73BE-4AA9-AAFC-7149F9CDEA75}.BldRls|x64.ActiveCfg = BldRls|x64
		{6F104FAF-73BE-4AA9-AAFC-7149F9CDEA75}.BldRls|x64.Build.0 = BldRls|x64
		{6F104FAF-73BE-4AA9-AAFC-7149F9CDEA75}.BldRls|x86.ActiveCfg = BldRls|Any CPU
		{6F104FAF-73BE-4AA9-AAFC-7149F9CDEA75}.BldRls|x86.Build.0 = BldRls|Any CPU
		{6F104FAF-73BE-4AA9-AAFC-7149F9CDEA75}.Debug|Any CPU.ActiveCfg = Debug|Any CPU
		{6F104FAF-73BE-4AA9-AAFC-7149F9CDEA75}.Debug|Any CPU.Build.0 = Debug|Any CPU
		{6F104FAF-73BE-4AA9-AAFC-7149F9CDEA75}.Debug|x64.ActiveCfg = Debug|x64
		{6F104FAF-73BE-4AA9-AAFC-7149F9CDEA75}.Debug|x64.Build.0 = Debug|x64
		{6F104FAF-73BE-4AA9-AAFC-7149F9CDEA75}.Debug|x86.ActiveCfg = Debug|Any CPU
		{6F104FAF-73BE-4AA9-AAFC-7149F9CDEA75}.Debug|x86.Build.0 = Debug|Any CPU
		{6F104FAF-73BE-4AA9-AAFC-7149F9CDEA75}.Release|Any CPU.ActiveCfg = Release|Any CPU
		{6F104FAF-73BE-4AA9-AAFC-7149F9CDEA75}.Release|Any CPU.Build.0 = Release|Any CPU
		{6F104FAF-73BE-4AA9-AAFC-7149F9CDEA75}.Release|x64.ActiveCfg = Release|x64
		{6F104FAF-73BE-4AA9-AAFC-7149F9CDEA75}.Release|x64.Build.0 = Release|x64
		{6F104FAF-73BE-4AA9-AAFC-7149F9CDEA75}.Release|x86.ActiveCfg = Release|Any CPU
		{6F104FAF-73BE-4AA9-AAFC-7149F9CDEA75}.Release|x86.Build.0 = Release|Any CPU
		{3B0FD38E-1A0F-43A0-985B-D3DB701D7E68}.BldRls|Any CPU.ActiveCfg = Debug|Any CPU
		{3B0FD38E-1A0F-43A0-985B-D3DB701D7E68}.BldRls|Any CPU.Build.0 = Debug|Any CPU
		{3B0FD38E-1A0F-43A0-985B-D3DB701D7E68}.BldRls|x64.ActiveCfg = Debug|x64
		{3B0FD38E-1A0F-43A0-985B-D3DB701D7E68}.BldRls|x64.Build.0 = Debug|x64
		{3B0FD38E-1A0F-43A0-985B-D3DB701D7E68}.BldRls|x86.ActiveCfg = Debug|Any CPU
		{3B0FD38E-1A0F-43A0-985B-D3DB701D7E68}.BldRls|x86.Build.0 = Debug|Any CPU
		{3B0FD38E-1A0F-43A0-985B-D3DB701D7E68}.Debug|Any CPU.ActiveCfg = Debug|Any CPU
		{3B0FD38E-1A0F-43A0-985B-D3DB701D7E68}.Debug|Any CPU.Build.0 = Debug|Any CPU
		{3B0FD38E-1A0F-43A0-985B-D3DB701D7E68}.Debug|x64.ActiveCfg = Debug|x64
		{3B0FD38E-1A0F-43A0-985B-D3DB701D7E68}.Debug|x64.Build.0 = Debug|x64
		{3B0FD38E-1A0F-43A0-985B-D3DB701D7E68}.Debug|x86.ActiveCfg = Debug|Any CPU
		{3B0FD38E-1A0F-43A0-985B-D3DB701D7E68}.Debug|x86.Build.0 = Debug|Any CPU
		{3B0FD38E-1A0F-43A0-985B-D3DB701D7E68}.Release|Any CPU.ActiveCfg = Release|Any CPU
		{3B0FD38E-1A0F-43A0-985B-D3DB701D7E68}.Release|Any CPU.Build.0 = Release|Any CPU
		{3B0FD38E-1A0F-43A0-985B-D3DB701D7E68}.Release|x64.ActiveCfg = Release|x64
		{3B0FD38E-1A0F-43A0-985B-D3DB701D7E68}.Release|x64.Build.0 = Release|x64
		{3B0FD38E-1A0F-43A0-985B-D3DB701D7E68}.Release|x86.ActiveCfg = Release|Any CPU
		{3B0FD38E-1A0F-43A0-985B-D3DB701D7E68}.Release|x86.Build.0 = Release|Any CPU
		{80368039-A7A4-4389-9041-AEC0617BC59B}.BldRls|Any CPU.ActiveCfg = Debug|Any CPU
		{80368039-A7A4-4389-9041-AEC0617BC59B}.BldRls|Any CPU.Build.0 = Debug|Any CPU
		{80368039-A7A4-4389-9041-AEC0617BC59B}.BldRls|x64.ActiveCfg = Debug|x64
		{80368039-A7A4-4389-9041-AEC0617BC59B}.BldRls|x64.Build.0 = Debug|x64
		{80368039-A7A4-4389-9041-AEC0617BC59B}.BldRls|x86.ActiveCfg = Debug|Any CPU
		{80368039-A7A4-4389-9041-AEC0617BC59B}.BldRls|x86.Build.0 = Debug|Any CPU
		{80368039-A7A4-4389-9041-AEC0617BC59B}.Debug|Any CPU.ActiveCfg = Debug|Any CPU
		{80368039-A7A4-4389-9041-AEC0617BC59B}.Debug|Any CPU.Build.0 = Debug|Any CPU
		{80368039-A7A4-4389-9041-AEC0617BC59B}.Debug|x64.ActiveCfg = Debug|x64
		{80368039-A7A4-4389-9041-AEC0617BC59B}.Debug|x64.Build.0 = Debug|x64
		{80368039-A7A4-4389-9041-AEC0617BC59B}.Debug|x86.ActiveCfg = Debug|Any CPU
		{80368039-A7A4-4389-9041-AEC0617BC59B}.Debug|x86.Build.0 = Debug|Any CPU
		{80368039-A7A4-4389-9041-AEC0617BC59B}.Release|Any CPU.ActiveCfg = Release|Any CPU
		{80368039-A7A4-4389-9041-AEC0617BC59B}.Release|Any CPU.Build.0 = Release|Any CPU
		{80368039-A7A4-4389-9041-AEC0617BC59B}.Release|x64.ActiveCfg = Release|x64
		{80368039-A7A4-4389-9041-AEC0617BC59B}.Release|x64.Build.0 = Release|x64
		{80368039-A7A4-4389-9041-AEC0617BC59B}.Release|x86.ActiveCfg = Release|Any CPU
		{80368039-A7A4-4389-9041-AEC0617BC59B}.Release|x86.Build.0 = Release|Any CPU
		{2EA49382-A5E2-404A-BED4-74618270E247}.BldRls|Any CPU.ActiveCfg = BldRls|Any CPU
		{2EA49382-A5E2-404A-BED4-74618270E247}.BldRls|Any CPU.Build.0 = BldRls|Any CPU
		{2EA49382-A5E2-404A-BED4-74618270E247}.BldRls|x64.ActiveCfg = BldRls|x64
		{2EA49382-A5E2-404A-BED4-74618270E247}.BldRls|x64.Build.0 = BldRls|x64
		{2EA49382-A5E2-404A-BED4-74618270E247}.BldRls|x86.ActiveCfg = BldRls|Any CPU
		{2EA49382-A5E2-404A-BED4-74618270E247}.BldRls|x86.Build.0 = BldRls|Any CPU
		{2EA49382-A5E2-404A-BED4-74618270E247}.Debug|Any CPU.ActiveCfg = Debug|Any CPU
		{2EA49382-A5E2-404A-BED4-74618270E247}.Debug|Any CPU.Build.0 = Debug|Any CPU
		{2EA49382-A5E2-404A-BED4-74618270E247}.Debug|x64.ActiveCfg = Debug|x64
		{2EA49382-A5E2-404A-BED4-74618270E247}.Debug|x64.Build.0 = Debug|x64
		{2EA49382-A5E2-404A-BED4-74618270E247}.Debug|x86.ActiveCfg = Debug|Any CPU
		{2EA49382-A5E2-404A-BED4-74618270E247}.Debug|x86.Build.0 = Debug|Any CPU
		{2EA49382-A5E2-404A-BED4-74618270E247}.Release|Any CPU.ActiveCfg = Release|Any CPU
		{2EA49382-A5E2-404A-BED4-74618270E247}.Release|Any CPU.Build.0 = Release|Any CPU
		{2EA49382-A5E2-404A-BED4-74618270E247}.Release|x64.ActiveCfg = Release|x64
		{2EA49382-A5E2-404A-BED4-74618270E247}.Release|x64.Build.0 = Release|x64
		{2EA49382-A5E2-404A-BED4-74618270E247}.Release|x86.ActiveCfg = Release|Any CPU
		{2EA49382-A5E2-404A-BED4-74618270E247}.Release|x86.Build.0 = Release|Any CPU
		{51A42ABE-5E4B-403E-8AB8-B8E0505B004C}.BldRls|Any CPU.ActiveCfg = Debug|Any CPU
		{51A42ABE-5E4B-403E-8AB8-B8E0505B004C}.BldRls|Any CPU.Build.0 = Debug|Any CPU
		{51A42ABE-5E4B-403E-8AB8-B8E0505B004C}.BldRls|x64.ActiveCfg = Debug|x64
		{51A42ABE-5E4B-403E-8AB8-B8E0505B004C}.BldRls|x64.Build.0 = Debug|x64
		{51A42ABE-5E4B-403E-8AB8-B8E0505B004C}.BldRls|x86.ActiveCfg = Debug|Any CPU
		{51A42ABE-5E4B-403E-8AB8-B8E0505B004C}.BldRls|x86.Build.0 = Debug|Any CPU
		{51A42ABE-5E4B-403E-8AB8-B8E0505B004C}.Debug|Any CPU.ActiveCfg = Debug|Any CPU
		{51A42ABE-5E4B-403E-8AB8-B8E0505B004C}.Debug|Any CPU.Build.0 = Debug|Any CPU
		{51A42ABE-5E4B-403E-8AB8-B8E0505B004C}.Debug|x64.ActiveCfg = Debug|x64
		{51A42ABE-5E4B-403E-8AB8-B8E0505B004C}.Debug|x64.Build.0 = Debug|x64
		{51A42ABE-5E4B-403E-8AB8-B8E0505B004C}.Debug|x86.ActiveCfg = Debug|Any CPU
		{51A42ABE-5E4B-403E-8AB8-B8E0505B004C}.Debug|x86.Build.0 = Debug|Any CPU
		{51A42ABE-5E4B-403E-8AB8-B8E0505B004C}.Release|Any CPU.ActiveCfg = Release|Any CPU
		{51A42ABE-5E4B-403E-8AB8-B8E0505B004C}.Release|Any CPU.Build.0 = Release|Any CPU
		{51A42ABE-5E4B-403E-8AB8-B8E0505B004C}.Release|x64.ActiveCfg = Release|x64
		{51A42ABE-5E4B-403E-8AB8-B8E0505B004C}.Release|x64.Build.0 = Release|x64
		{51A42ABE-5E4B-403E-8AB8-B8E0505B004C}.Release|x86.ActiveCfg = Release|Any CPU
		{51A42ABE-5E4B-403E-8AB8-B8E0505B004C}.Release|x86.Build.0 = Release|Any CPU
	EndGlobalSection
	GlobalSection(SolutionProperties) = preSolution
		HideSolutionNode = FALSE
	EndGlobalSection
	GlobalSection(NestedProjects) = preSolution
		{D676A70F-B596-4150-968E-3D11DDDE29C3} = {66326038-3694-4447-BA6E-8B6185B82F98}
		{2D4E577E-CDC4-4319-9B90-CD2748A1B75C} = {66326038-3694-4447-BA6E-8B6185B82F98}
		{DF459A59-5C58-4930-AB44-9B3D6E36CD98} = {66326038-3694-4447-BA6E-8B6185B82F98}
		{AA5C34CF-6F6A-4B2C-B067-D9AABCAC1B6B} = {66326038-3694-4447-BA6E-8B6185B82F98}
		{09737A87-92B1-4E3C-93B6-1D4377F5FAAC} = {BB64AF01-2416-4698-81FE-F3D618CFDE9B}
		{01A0CE1F-5564-4B73-897B-0633B42EECBD} = {BB64AF01-2416-4698-81FE-F3D618CFDE9B}
		{6F104FAF-73BE-4AA9-AAFC-7149F9CDEA75} = {BB64AF01-2416-4698-81FE-F3D618CFDE9B}
		{3B0FD38E-1A0F-43A0-985B-D3DB701D7E68} = {BB64AF01-2416-4698-81FE-F3D618CFDE9B}
		{80368039-A7A4-4389-9041-AEC0617BC59B} = {BB64AF01-2416-4698-81FE-F3D618CFDE9B}
	EndGlobalSection
	GlobalSection(ExtensibilityGlobals) = postSolution
		EnterpriseLibraryConfigurationToolBinariesPath = packages\Unity.2.1.505.2\lib\NET35;packages\Unity.Interception.2.1.505.2\lib\NET35
		SolutionGuid = {A39142B0-CEA4-4FF1-877B-6FBBA3174401}
	EndGlobalSection
EndGlobal
