
Microsoft Visual Studio Solution File, Format Version 12.00
# Visual Studio Version 16
VisualStudioVersion = 16.0.29806.167
MinimumVisualStudioVersion = 10.0.40219.1
Project("{FAE04EC0-301F-11D3-BF4B-00C04F79EFBC}") = "VPC", "VPC\VPC.csproj", "{D676A70F-B596-4150-968E-3D11DDDE29C3}"
EndProject
Project("{FAE04EC0-301F-11D3-BF4B-00C04F79EFBC}") = "AAV.Mvvm", "..\..\Common\AAV.Mvvm\AAV.Mvvm.csproj", "{4E1334F8-B843-41DD-96A8-64A41F528CFF}"
EndProject
Project("{FAE04EC0-301F-11D3-BF4B-00C04F79EFBC}") = "Common.UI.Lib", "..\Cmn\Common.UI.Lib\Common.UI.Lib.csproj", "{2D4E577E-CDC4-4319-9B90-CD2748A1B75C}"
EndProject
Project("{FAE04EC0-301F-11D3-BF4B-00C04F79EFBC}") = "AAV.WPF", "..\..\AAV\AAV.WPF\AAV.WPF.csproj", "{1CE2C02F-5FA8-41CA-AC2E-BA91AB283A02}"
EndProject
Project("{9A19103F-16F7-4668-BE54-9A1E7A4F7556}") = "AAV.Sys", "..\..\AavCore\AAV.Sys\AAV.Sys.csproj", "{F9CC3168-1FAC-4318-A693-A5EC46CC678D}"
EndProject
Project("{2150E333-8FDC-42A3-9474-1A3956D46DE8}") = "LocalLib", "LocalLib", "{A8AB04CB-B096-427E-BC5F-DA0BDC725FF4}"
EndProject
Project("{9A19103F-16F7-4668-BE54-9A1E7A4F7556}") = "AAV.Sys", "..\..\..\AAV.Shared\Src\Net6.0\AAV.Sys\AAV.Sys.csproj", "{353F1AF9-D2A4-4542-BBE1-00DECC7027BF}"
EndProject
Project("{FAE04EC0-301F-11D3-BF4B-00C04F79EFBC}") = "AAV.WPF.4.8", "..\..\..\AAV.Shared\Src\Net4.8\AAV.WPF\AAV.WPF.4.8.csproj", "{DF459A59-5C58-4930-AB44-9B3D6E36CD98}"
EndProject
Project("{FAE04EC0-301F-11D3-BF4B-00C04F79EFBC}") = "AAV.Mvvm", "..\..\..\AAV.Shared\Src\Net4.8\AAV.Mvvm\AAV.Mvvm.csproj", "{AA5C34CF-6F6A-4B2C-B067-D9AABCAC1B6B}"
EndProject
Global
	GlobalSection(SolutionConfigurationPlatforms) = preSolution
		Debug|Any CPU = Debug|Any CPU
		Debug|Mixed Platforms = Debug|Mixed Platforms
		Debug|x64 = Debug|x64
		Debug|x86 = Debug|x86
		Release|Any CPU = Release|Any CPU
		Release|Mixed Platforms = Release|Mixed Platforms
		Release|x64 = Release|x64
		Release|x86 = Release|x86
	EndGlobalSection
	GlobalSection(ProjectConfigurationPlatforms) = postSolution
		{D676A70F-B596-4150-968E-3D11DDDE29C3}.Debug|Any CPU.ActiveCfg = Debug|Any CPU
		{D676A70F-B596-4150-968E-3D11DDDE29C3}.Debug|Any CPU.Build.0 = Debug|Any CPU
		{D676A70F-B596-4150-968E-3D11DDDE29C3}.Debug|Mixed Platforms.ActiveCfg = Debug|x86
		{D676A70F-B596-4150-968E-3D11DDDE29C3}.Debug|Mixed Platforms.Build.0 = Debug|x86
		{D676A70F-B596-4150-968E-3D11DDDE29C3}.Debug|x64.ActiveCfg = Debug|Any CPU
		{D676A70F-B596-4150-968E-3D11DDDE29C3}.Debug|x64.Build.0 = Debug|Any CPU
		{D676A70F-B596-4150-968E-3D11DDDE29C3}.Debug|x86.ActiveCfg = Debug|x86
		{D676A70F-B596-4150-968E-3D11DDDE29C3}.Debug|x86.Build.0 = Debug|x86
		{D676A70F-B596-4150-968E-3D11DDDE29C3}.Release|Any CPU.ActiveCfg = Release|Any CPU
		{D676A70F-B596-4150-968E-3D11DDDE29C3}.Release|Any CPU.Build.0 = Release|Any CPU
		{D676A70F-B596-4150-968E-3D11DDDE29C3}.Release|Any CPU.Deploy.0 = Release|Any CPU
		{D676A70F-B596-4150-968E-3D11DDDE29C3}.Release|Mixed Platforms.ActiveCfg = Release|x86
		{D676A70F-B596-4150-968E-3D11DDDE29C3}.Release|Mixed Platforms.Build.0 = Release|x86
		{D676A70F-B596-4150-968E-3D11DDDE29C3}.Release|x64.ActiveCfg = Release|Any CPU
		{D676A70F-B596-4150-968E-3D11DDDE29C3}.Release|x64.Build.0 = Release|Any CPU
		{D676A70F-B596-4150-968E-3D11DDDE29C3}.Release|x86.ActiveCfg = Release|x86
		{D676A70F-B596-4150-968E-3D11DDDE29C3}.Release|x86.Build.0 = Release|x86
		{4E1334F8-B843-41DD-96A8-64A41F528CFF}.Debug|Any CPU.ActiveCfg = Debug|Any CPU
		{4E1334F8-B843-41DD-96A8-64A41F528CFF}.Debug|Any CPU.Build.0 = Debug|Any CPU
		{4E1334F8-B843-41DD-96A8-64A41F528CFF}.Debug|Mixed Platforms.ActiveCfg = Debug|x86
		{4E1334F8-B843-41DD-96A8-64A41F528CFF}.Debug|Mixed Platforms.Build.0 = Debug|x86
		{4E1334F8-B843-41DD-96A8-64A41F528CFF}.Debug|x64.ActiveCfg = Debug|Any CPU
		{4E1334F8-B843-41DD-96A8-64A41F528CFF}.Debug|x64.Build.0 = Debug|Any CPU
		{4E1334F8-B843-41DD-96A8-64A41F528CFF}.Debug|x86.ActiveCfg = Debug|x86
		{4E1334F8-B843-41DD-96A8-64A41F528CFF}.Debug|x86.Build.0 = Debug|x86
		{4E1334F8-B843-41DD-96A8-64A41F528CFF}.Release|Any CPU.ActiveCfg = Release|Any CPU
		{4E1334F8-B843-41DD-96A8-64A41F528CFF}.Release|Any CPU.Build.0 = Release|Any CPU
		{4E1334F8-B843-41DD-96A8-64A41F528CFF}.Release|Mixed Platforms.ActiveCfg = Release|x86
		{4E1334F8-B843-41DD-96A8-64A41F528CFF}.Release|Mixed Platforms.Build.0 = Release|x86
		{4E1334F8-B843-41DD-96A8-64A41F528CFF}.Release|x64.ActiveCfg = Release|Any CPU
		{4E1334F8-B843-41DD-96A8-64A41F528CFF}.Release|x64.Build.0 = Release|Any CPU
		{4E1334F8-B843-41DD-96A8-64A41F528CFF}.Release|x86.ActiveCfg = Release|x86
		{4E1334F8-B843-41DD-96A8-64A41F528CFF}.Release|x86.Build.0 = Release|x86
		{2D4E577E-CDC4-4319-9B90-CD2748A1B75C}.Debug|Any CPU.ActiveCfg = Debug|Any CPU
		{2D4E577E-CDC4-4319-9B90-CD2748A1B75C}.Debug|Any CPU.Build.0 = Debug|Any CPU
		{2D4E577E-CDC4-4319-9B90-CD2748A1B75C}.Debug|Mixed Platforms.ActiveCfg = Debug|Any CPU
		{2D4E577E-CDC4-4319-9B90-CD2748A1B75C}.Debug|Mixed Platforms.Build.0 = Debug|Any CPU
		{2D4E577E-CDC4-4319-9B90-CD2748A1B75C}.Debug|x64.ActiveCfg = Debug|Any CPU
		{2D4E577E-CDC4-4319-9B90-CD2748A1B75C}.Debug|x64.Build.0 = Debug|Any CPU
		{2D4E577E-CDC4-4319-9B90-CD2748A1B75C}.Debug|x86.ActiveCfg = Debug|x86
		{2D4E577E-CDC4-4319-9B90-CD2748A1B75C}.Debug|x86.Build.0 = Debug|x86
		{2D4E577E-CDC4-4319-9B90-CD2748A1B75C}.Release|Any CPU.ActiveCfg = Release|Any CPU
		{2D4E577E-CDC4-4319-9B90-CD2748A1B75C}.Release|Any CPU.Build.0 = Release|Any CPU
		{2D4E577E-CDC4-4319-9B90-CD2748A1B75C}.Release|Mixed Platforms.ActiveCfg = Release|Any CPU
		{2D4E577E-CDC4-4319-9B90-CD2748A1B75C}.Release|Mixed Platforms.Build.0 = Release|Any CPU
		{2D4E577E-CDC4-4319-9B90-CD2748A1B75C}.Release|x64.ActiveCfg = Release|Any CPU
		{2D4E577E-CDC4-4319-9B90-CD2748A1B75C}.Release|x64.Build.0 = Release|Any CPU
		{2D4E577E-CDC4-4319-9B90-CD2748A1B75C}.Release|x86.ActiveCfg = Release|x86
		{2D4E577E-CDC4-4319-9B90-CD2748A1B75C}.Release|x86.Build.0 = Release|x86
		{1CE2C02F-5FA8-41CA-AC2E-BA91AB283A02}.Debug|Any CPU.ActiveCfg = Debug|Any CPU
		{1CE2C02F-5FA8-41CA-AC2E-BA91AB283A02}.Debug|Any CPU.Build.0 = Debug|Any CPU
		{1CE2C02F-5FA8-41CA-AC2E-BA91AB283A02}.Debug|Mixed Platforms.ActiveCfg = Debug|x86
		{1CE2C02F-5FA8-41CA-AC2E-BA91AB283A02}.Debug|Mixed Platforms.Build.0 = Debug|x86
		{1CE2C02F-5FA8-41CA-AC2E-BA91AB283A02}.Debug|x64.ActiveCfg = Debug|x64
		{1CE2C02F-5FA8-41CA-AC2E-BA91AB283A02}.Debug|x64.Build.0 = Debug|x64
		{1CE2C02F-5FA8-41CA-AC2E-BA91AB283A02}.Debug|x86.ActiveCfg = Debug|x86
		{1CE2C02F-5FA8-41CA-AC2E-BA91AB283A02}.Debug|x86.Build.0 = Debug|x86
		{1CE2C02F-5FA8-41CA-AC2E-BA91AB283A02}.Release|Any CPU.ActiveCfg = Release|Any CPU
		{1CE2C02F-5FA8-41CA-AC2E-BA91AB283A02}.Release|Any CPU.Build.0 = Release|Any CPU
		{1CE2C02F-5FA8-41CA-AC2E-BA91AB283A02}.Release|Mixed Platforms.ActiveCfg = Release|x86
		{1CE2C02F-5FA8-41CA-AC2E-BA91AB283A02}.Release|Mixed Platforms.Build.0 = Release|x86
		{1CE2C02F-5FA8-41CA-AC2E-BA91AB283A02}.Release|x64.ActiveCfg = Release|x64
		{1CE2C02F-5FA8-41CA-AC2E-BA91AB283A02}.Release|x64.Build.0 = Release|x64
		{1CE2C02F-5FA8-41CA-AC2E-BA91AB283A02}.Release|x86.ActiveCfg = Release|x86
		{1CE2C02F-5FA8-41CA-AC2E-BA91AB283A02}.Release|x86.Build.0 = Release|x86
		{F9CC3168-1FAC-4318-A693-A5EC46CC678D}.Debug|Any CPU.ActiveCfg = Debug|Any CPU
		{F9CC3168-1FAC-4318-A693-A5EC46CC678D}.Debug|Any CPU.Build.0 = Debug|Any CPU
		{F9CC3168-1FAC-4318-A693-A5EC46CC678D}.Debug|Mixed Platforms.ActiveCfg = Debug|x86
		{F9CC3168-1FAC-4318-A693-A5EC46CC678D}.Debug|Mixed Platforms.Build.0 = Debug|x86
		{F9CC3168-1FAC-4318-A693-A5EC46CC678D}.Debug|x64.ActiveCfg = Debug|x64
		{F9CC3168-1FAC-4318-A693-A5EC46CC678D}.Debug|x64.Build.0 = Debug|x64
		{F9CC3168-1FAC-4318-A693-A5EC46CC678D}.Debug|x86.ActiveCfg = Debug|x86
		{F9CC3168-1FAC-4318-A693-A5EC46CC678D}.Debug|x86.Build.0 = Debug|x86
		{F9CC3168-1FAC-4318-A693-A5EC46CC678D}.Release|Any CPU.ActiveCfg = Release|Any CPU
		{F9CC3168-1FAC-4318-A693-A5EC46CC678D}.Release|Any CPU.Build.0 = Release|Any CPU
		{F9CC3168-1FAC-4318-A693-A5EC46CC678D}.Release|Mixed Platforms.ActiveCfg = Release|x86
		{F9CC3168-1FAC-4318-A693-A5EC46CC678D}.Release|Mixed Platforms.Build.0 = Release|x86
		{F9CC3168-1FAC-4318-A693-A5EC46CC678D}.Release|x64.ActiveCfg = Release|x64
		{F9CC3168-1FAC-4318-A693-A5EC46CC678D}.Release|x64.Build.0 = Release|x64
		{F9CC3168-1FAC-4318-A693-A5EC46CC678D}.Release|x86.ActiveCfg = Release|x86
		{F9CC3168-1FAC-4318-A693-A5EC46CC678D}.Release|x86.Build.0 = Release|x86
		{353F1AF9-D2A4-4542-BBE1-00DECC7027BF}.Debug|Any CPU.ActiveCfg = Debug|Any CPU
		{353F1AF9-D2A4-4542-BBE1-00DECC7027BF}.Debug|Any CPU.Build.0 = Debug|Any CPU
		{353F1AF9-D2A4-4542-BBE1-00DECC7027BF}.Debug|Mixed Platforms.ActiveCfg = Debug|x86
		{353F1AF9-D2A4-4542-BBE1-00DECC7027BF}.Debug|Mixed Platforms.Build.0 = Debug|x86
		{353F1AF9-D2A4-4542-BBE1-00DECC7027BF}.Debug|x64.ActiveCfg = Debug|x64
		{353F1AF9-D2A4-4542-BBE1-00DECC7027BF}.Debug|x64.Build.0 = Debug|x64
		{353F1AF9-D2A4-4542-BBE1-00DECC7027BF}.Debug|x86.ActiveCfg = Debug|x86
		{353F1AF9-D2A4-4542-BBE1-00DECC7027BF}.Debug|x86.Build.0 = Debug|x86
		{353F1AF9-D2A4-4542-BBE1-00DECC7027BF}.Release|Any CPU.ActiveCfg = Release|Any CPU
		{353F1AF9-D2A4-4542-BBE1-00DECC7027BF}.Release|Any CPU.Build.0 = Release|Any CPU
		{353F1AF9-D2A4-4542-BBE1-00DECC7027BF}.Release|Mixed Platforms.ActiveCfg = Release|x86
		{353F1AF9-D2A4-4542-BBE1-00DECC7027BF}.Release|Mixed Platforms.Build.0 = Release|x86
		{353F1AF9-D2A4-4542-BBE1-00DECC7027BF}.Release|x64.ActiveCfg = Release|x64
		{353F1AF9-D2A4-4542-BBE1-00DECC7027BF}.Release|x64.Build.0 = Release|x64
		{353F1AF9-D2A4-4542-BBE1-00DECC7027BF}.Release|x86.ActiveCfg = Release|x86
		{353F1AF9-D2A4-4542-BBE1-00DECC7027BF}.Release|x86.Build.0 = Release|x86
		{DF459A59-5C58-4930-AB44-9B3D6E36CD98}.Debug|Any CPU.ActiveCfg = Debug|Any CPU
		{DF459A59-5C58-4930-AB44-9B3D6E36CD98}.Debug|Any CPU.Build.0 = Debug|Any CPU
		{DF459A59-5C58-4930-AB44-9B3D6E36CD98}.Debug|Mixed Platforms.ActiveCfg = Debug|x86
		{DF459A59-5C58-4930-AB44-9B3D6E36CD98}.Debug|Mixed Platforms.Build.0 = Debug|x86
		{DF459A59-5C58-4930-AB44-9B3D6E36CD98}.Debug|x64.ActiveCfg = Debug|x64
		{DF459A59-5C58-4930-AB44-9B3D6E36CD98}.Debug|x64.Build.0 = Debug|x64
		{DF459A59-5C58-4930-AB44-9B3D6E36CD98}.Debug|x86.ActiveCfg = Debug|x86
		{DF459A59-5C58-4930-AB44-9B3D6E36CD98}.Debug|x86.Build.0 = Debug|x86
		{DF459A59-5C58-4930-AB44-9B3D6E36CD98}.Release|Any CPU.ActiveCfg = Release|Any CPU
		{DF459A59-5C58-4930-AB44-9B3D6E36CD98}.Release|Any CPU.Build.0 = Release|Any CPU
		{DF459A59-5C58-4930-AB44-9B3D6E36CD98}.Release|Mixed Platforms.ActiveCfg = Release|x86
		{DF459A59-5C58-4930-AB44-9B3D6E36CD98}.Release|Mixed Platforms.Build.0 = Release|x86
		{DF459A59-5C58-4930-AB44-9B3D6E36CD98}.Release|x64.ActiveCfg = Release|x64
		{DF459A59-5C58-4930-AB44-9B3D6E36CD98}.Release|x64.Build.0 = Release|x64
		{DF459A59-5C58-4930-AB44-9B3D6E36CD98}.Release|x86.ActiveCfg = Release|x86
		{DF459A59-5C58-4930-AB44-9B3D6E36CD98}.Release|x86.Build.0 = Release|x86
		{AA5C34CF-6F6A-4B2C-B067-D9AABCAC1B6B}.Debug|Any CPU.ActiveCfg = Debug|Any CPU
		{AA5C34CF-6F6A-4B2C-B067-D9AABCAC1B6B}.Debug|Any CPU.Build.0 = Debug|Any CPU
		{AA5C34CF-6F6A-4B2C-B067-D9AABCAC1B6B}.Debug|Mixed Platforms.ActiveCfg = Debug|x86
		{AA5C34CF-6F6A-4B2C-B067-D9AABCAC1B6B}.Debug|Mixed Platforms.Build.0 = Debug|x86
		{AA5C34CF-6F6A-4B2C-B067-D9AABCAC1B6B}.Debug|x64.ActiveCfg = Debug|x64
		{AA5C34CF-6F6A-4B2C-B067-D9AABCAC1B6B}.Debug|x64.Build.0 = Debug|x64
		{AA5C34CF-6F6A-4B2C-B067-D9AABCAC1B6B}.Debug|x86.ActiveCfg = Debug|x86
		{AA5C34CF-6F6A-4B2C-B067-D9AABCAC1B6B}.Debug|x86.Build.0 = Debug|x86
		{AA5C34CF-6F6A-4B2C-B067-D9AABCAC1B6B}.Release|Any CPU.ActiveCfg = Release|Any CPU
		{AA5C34CF-6F6A-4B2C-B067-D9AABCAC1B6B}.Release|Any CPU.Build.0 = Release|Any CPU
		{AA5C34CF-6F6A-4B2C-B067-D9AABCAC1B6B}.Release|Mixed Platforms.ActiveCfg = Release|x86
		{AA5C34CF-6F6A-4B2C-B067-D9AABCAC1B6B}.Release|Mixed Platforms.Build.0 = Release|x86
		{AA5C34CF-6F6A-4B2C-B067-D9AABCAC1B6B}.Release|x64.ActiveCfg = Release|x64
		{AA5C34CF-6F6A-4B2C-B067-D9AABCAC1B6B}.Release|x64.Build.0 = Release|x64
		{AA5C34CF-6F6A-4B2C-B067-D9AABCAC1B6B}.Release|x86.ActiveCfg = Release|x86
		{AA5C34CF-6F6A-4B2C-B067-D9AABCAC1B6B}.Release|x86.Build.0 = Release|x86
	EndGlobalSection
	GlobalSection(SolutionProperties) = preSolution
		HideSolutionNode = FALSE
	EndGlobalSection
	GlobalSection(NestedProjects) = preSolution
		{4E1334F8-B843-41DD-96A8-64A41F528CFF} = {A8AB04CB-B096-427E-BC5F-DA0BDC725FF4}
		{1CE2C02F-5FA8-41CA-AC2E-BA91AB283A02} = {A8AB04CB-B096-427E-BC5F-DA0BDC725FF4}
		{F9CC3168-1FAC-4318-A693-A5EC46CC678D} = {A8AB04CB-B096-427E-BC5F-DA0BDC725FF4}
	EndGlobalSection
	GlobalSection(ExtensibilityGlobals) = postSolution
		SolutionGuid = {A39142B0-CEA4-4FF1-877B-6FBBA3174401}
		EnterpriseLibraryConfigurationToolBinariesPath = packages\Unity.2.1.505.2\lib\NET35;packages\Unity.Interception.2.1.505.2\lib\NET35
	EndGlobalSection
EndGlobal
