
Microsoft Visual Studio Solution File, Format Version 12.00
# Visual Studio Version 16
VisualStudioVersion = 16.0.29806.167
MinimumVisualStudioVersion = 10.0.40219.1
Project("{FAE04EC0-301F-11D3-BF4B-00C04F79EFBC}") = "VPC", "VPC.Net48\VPC.csproj", "{D676A70F-B596-4150-968E-3D11DDDE29C3}"
EndProject
Project("{FAE04EC0-301F-11D3-BF4B-00C04F79EFBC}") = "Common.UI.Lib", "..\Cmn.Net48\Common.UI.Lib\Common.UI.Lib.csproj", "{2D4E577E-CDC4-4319-9B90-CD2748A1B75C}"
EndProject
Project("{9A19103F-16F7-4668-BE54-9A1E7A4F7556}") = "AAV.Sys", "..\..\..\AAV.Shared\Src\Net6.0\AAV.Sys\AAV.Sys.csproj", "{353F1AF9-D2A4-4542-BBE1-00DECC7027BF}"
EndProject
Project("{FAE04EC0-301F-11D3-BF4B-00C04F79EFBC}") = "AAV.WPF.4.8", "..\..\..\AAV.Shared\Src\Net4.8\AAV.WPF\AAV.WPF.4.8.csproj", "{DF459A59-5C58-4930-AB44-9B3D6E36CD98}"
EndProject
Project("{FAE04EC0-301F-11D3-BF4B-00C04F79EFBC}") = "AAV.Mvvm", "..\..\..\AAV.Shared\Src\Net4.8\AAV.Mvvm\AAV.Mvvm.csproj", "{AA5C34CF-6F6A-4B2C-B067-D9AABCAC1B6B}"
EndProject
Project("{2150E333-8FDC-42A3-9474-1A3956D46DE8}") = "48", "48", "{66326038-3694-4447-BA6E-8B6185B82F98}"
EndProject
Project("{2150E333-8FDC-42A3-9474-1A3956D46DE8}") = "50", "50", "{BB64AF01-2416-4698-81FE-F3D618CFDE9B}"
EndProject
Project("{9A19103F-16F7-4668-BE54-9A1E7A4F7556}") = "Common.UI.Lib", "..\Cmn\Common.UI.Lib\Common.UI.Lib.csproj", "{09737A87-92B1-4E3C-93B6-1D4377F5FAAC}"
EndProject
Project("{9A19103F-16F7-4668-BE54-9A1E7A4F7556}") = "VPC", "VPC\VPC.csproj", "{720B967A-6F4C-4E67-8493-20F6D6AD30F7}"
EndProject
Project("{9A19103F-16F7-4668-BE54-9A1E7A4F7556}") = "AAV.Mvvm", "..\..\..\AAV.Shared\Src\Net6.0\AAV.Mvvm\AAV.Mvvm.csproj", "{01A0CE1F-5564-4B73-897B-0633B42EECBD}"
EndProject
Project("{9A19103F-16F7-4668-BE54-9A1E7A4F7556}") = "AAV.WPF", "..\..\..\AAV.Shared\Src\Net6.0\AAV.WPF\AAV.WPF.csproj", "{6F104FAF-73BE-4AA9-AAFC-7149F9CDEA75}"
EndProject
Global
	GlobalSection(SolutionConfigurationPlatforms) = preSolution
		Debug|Any CPU = Debug|Any CPU
		Debug|Mixed Platforms = Debug|Mixed Platforms
		Debug|x64 = Debug|x64
		Debug|x86 = Debug|x86
		Release|Any CPU = Release|Any CPU
		Release|Mixed Platforms = Release|Mixed Platforms
		Release|x64 = Release|x64
		Release|x86 = Release|x86
	EndGlobalSection
	GlobalSection(ProjectConfigurationPlatforms) = postSolution
		{D676A70F-B596-4150-968E-3D11DDDE29C3}.Debug|Any CPU.ActiveCfg = Debug|Any CPU
		{D676A70F-B596-4150-968E-3D11DDDE29C3}.Debug|Any CPU.Build.0 = Debug|Any CPU
		{D676A70F-B596-4150-968E-3D11DDDE29C3}.Debug|Mixed Platforms.ActiveCfg = Debug|x86
		{D676A70F-B596-4150-968E-3D11DDDE29C3}.Debug|Mixed Platforms.Build.0 = Debug|x86
		{D676A70F-B596-4150-968E-3D11DDDE29C3}.Debug|x64.ActiveCfg = Debug|Any CPU
		{D676A70F-B596-4150-968E-3D11DDDE29C3}.Debug|x64.Build.0 = Debug|Any CPU
		{D676A70F-B596-4150-968E-3D11DDDE29C3}.Debug|x86.ActiveCfg = Debug|x86
		{D676A70F-B596-4150-968E-3D11DDDE29C3}.Debug|x86.Build.0 = Debug|x86
		{D676A70F-B596-4150-968E-3D11DDDE29C3}.Release|Any CPU.ActiveCfg = Release|Any CPU
		{D676A70F-B596-4150-968E-3D11DDDE29C3}.Release|Any CPU.Build.0 = Release|Any CPU
		{D676A70F-B596-4150-968E-3D11DDDE29C3}.Release|Any CPU.Deploy.0 = Release|Any CPU
		{D676A70F-B596-4150-968E-3D11DDDE29C3}.Release|Mixed Platforms.ActiveCfg = Release|x86
		{D676A70F-B596-4150-968E-3D11DDDE29C3}.Release|Mixed Platforms.Build.0 = Release|x86
		{D676A70F-B596-4150-968E-3D11DDDE29C3}.Release|x64.ActiveCfg = Release|Any CPU
		{D676A70F-B596-4150-968E-3D11DDDE29C3}.Release|x64.Build.0 = Release|Any CPU
		{D676A70F-B596-4150-968E-3D11DDDE29C3}.Release|x86.ActiveCfg = Release|x86
		{D676A70F-B596-4150-968E-3D11DDDE29C3}.Release|x86.Build.0 = Release|x86
		{2D4E577E-CDC4-4319-9B90-CD2748A1B75C}.Debug|Any CPU.ActiveCfg = Debug|Any CPU
		{2D4E577E-CDC4-4319-9B90-CD2748A1B75C}.Debug|Any CPU.Build.0 = Debug|Any CPU
		{2D4E577E-CDC4-4319-9B90-CD2748A1B75C}.Debug|Mixed Platforms.ActiveCfg = Debug|Any CPU
		{2D4E577E-CDC4-4319-9B90-CD2748A1B75C}.Debug|Mixed Platforms.Build.0 = Debug|Any CPU
		{2D4E577E-CDC4-4319-9B90-CD2748A1B75C}.Debug|x64.ActiveCfg = Debug|Any CPU
		{2D4E577E-CDC4-4319-9B90-CD2748A1B75C}.Debug|x64.Build.0 = Debug|Any CPU
		{2D4E577E-CDC4-4319-9B90-CD2748A1B75C}.Debug|x86.ActiveCfg = Debug|x86
		{2D4E577E-CDC4-4319-9B90-CD2748A1B75C}.Debug|x86.Build.0 = Debug|x86
		{2D4E577E-CDC4-4319-9B90-CD2748A1B75C}.Release|Any CPU.ActiveCfg = Release|Any CPU
		{2D4E577E-CDC4-4319-9B90-CD2748A1B75C}.Release|Any CPU.Build.0 = Release|Any CPU
		{2D4E577E-CDC4-4319-9B90-CD2748A1B75C}.Release|Mixed Platforms.ActiveCfg = Release|Any CPU
		{2D4E577E-CDC4-4319-9B90-CD2748A1B75C}.Release|Mixed Platforms.Build.0 = Release|Any CPU
		{2D4E577E-CDC4-4319-9B90-CD2748A1B75C}.Release|x64.ActiveCfg = Release|Any CPU
		{2D4E577E-CDC4-4319-9B90-CD2748A1B75C}.Release|x64.Build.0 = Release|Any CPU
		{2D4E577E-CDC4-4319-9B90-CD2748A1B75C}.Release|x86.ActiveCfg = Release|x86
		{2D4E577E-CDC4-4319-9B90-CD2748A1B75C}.Release|x86.Build.0 = Release|x86
		{353F1AF9-D2A4-4542-BBE1-00DECC7027BF}.Debug|Any CPU.ActiveCfg = Debug|Any CPU
		{353F1AF9-D2A4-4542-BBE1-00DECC7027BF}.Debug|Any CPU.Build.0 = Debug|Any CPU
		{353F1AF9-D2A4-4542-BBE1-00DECC7027BF}.Debug|Mixed Platforms.ActiveCfg = Debug|x86
		{353F1AF9-D2A4-4542-BBE1-00DECC7027BF}.Debug|Mixed Platforms.Build.0 = Debug|x86
		{353F1AF9-D2A4-4542-BBE1-00DECC7027BF}.Debug|x64.ActiveCfg = Debug|x64
		{353F1AF9-D2A4-4542-BBE1-00DECC7027BF}.Debug|x64.Build.0 = Debug|x64
		{353F1AF9-D2A4-4542-BBE1-00DECC7027BF}.Debug|x86.ActiveCfg = Debug|x86
		{353F1AF9-D2A4-4542-BBE1-00DECC7027BF}.Debug|x86.Build.0 = Debug|x86
		{353F1AF9-D2A4-4542-BBE1-00DECC7027BF}.Release|Any CPU.ActiveCfg = Release|Any CPU
		{353F1AF9-D2A4-4542-BBE1-00DECC7027BF}.Release|Any CPU.Build.0 = Release|Any CPU
		{353F1AF9-D2A4-4542-BBE1-00DECC7027BF}.Release|Mixed Platforms.ActiveCfg = Release|x86
		{353F1AF9-D2A4-4542-BBE1-00DECC7027BF}.Release|Mixed Platforms.Build.0 = Release|x86
		{353F1AF9-D2A4-4542-BBE1-00DECC7027BF}.Release|x64.ActiveCfg = Release|x64
		{353F1AF9-D2A4-4542-BBE1-00DECC7027BF}.Release|x64.Build.0 = Release|x64
		{353F1AF9-D2A4-4542-BBE1-00DECC7027BF}.Release|x86.ActiveCfg = Release|x86
		{353F1AF9-D2A4-4542-BBE1-00DECC7027BF}.Release|x86.Build.0 = Release|x86
		{DF459A59-5C58-4930-AB44-9B3D6E36CD98}.Debug|Any CPU.ActiveCfg = Debug|Any CPU
		{DF459A59-5C58-4930-AB44-9B3D6E36CD98}.Debug|Any CPU.Build.0 = Debug|Any CPU
		{DF459A59-5C58-4930-AB44-9B3D6E36CD98}.Debug|Mixed Platforms.ActiveCfg = Debug|x86
		{DF459A59-5C58-4930-AB44-9B3D6E36CD98}.Debug|Mixed Platforms.Build.0 = Debug|x86
		{DF459A59-5C58-4930-AB44-9B3D6E36CD98}.Debug|x64.ActiveCfg = Debug|x64
		{DF459A59-5C58-4930-AB44-9B3D6E36CD98}.Debug|x64.Build.0 = Debug|x64
		{DF459A59-5C58-4930-AB44-9B3D6E36CD98}.Debug|x86.ActiveCfg = Debug|x86
		{DF459A59-5C58-4930-AB44-9B3D6E36CD98}.Debug|x86.Build.0 = Debug|x86
		{DF459A59-5C58-4930-AB44-9B3D6E36CD98}.Release|Any CPU.ActiveCfg = Release|Any CPU
		{DF459A59-5C58-4930-AB44-9B3D6E36CD98}.Release|Any CPU.Build.0 = Release|Any CPU
		{DF459A59-5C58-4930-AB44-9B3D6E36CD98}.Release|Mixed Platforms.ActiveCfg = Release|x86
		{DF459A59-5C58-4930-AB44-9B3D6E36CD98}.Release|Mixed Platforms.Build.0 = Release|x86
		{DF459A59-5C58-4930-AB44-9B3D6E36CD98}.Release|x64.ActiveCfg = Release|x64
		{DF459A59-5C58-4930-AB44-9B3D6E36CD98}.Release|x64.Build.0 = Release|x64
		{DF459A59-5C58-4930-AB44-9B3D6E36CD98}.Release|x86.ActiveCfg = Release|x86
		{DF459A59-5C58-4930-AB44-9B3D6E36CD98}.Release|x86.Build.0 = Release|x86
		{AA5C34CF-6F6A-4B2C-B067-D9AABCAC1B6B}.Debug|Any CPU.ActiveCfg = Debug|Any CPU
		{AA5C34CF-6F6A-4B2C-B067-D9AABCAC1B6B}.Debug|Any CPU.Build.0 = Debug|Any CPU
		{AA5C34CF-6F6A-4B2C-B067-D9AABCAC1B6B}.Debug|Mixed Platforms.ActiveCfg = Debug|x86
		{AA5C34CF-6F6A-4B2C-B067-D9AABCAC1B6B}.Debug|Mixed Platforms.Build.0 = Debug|x86
		{AA5C34CF-6F6A-4B2C-B067-D9AABCAC1B6B}.Debug|x64.ActiveCfg = Debug|x64
		{AA5C34CF-6F6A-4B2C-B067-D9AABCAC1B6B}.Debug|x64.Build.0 = Debug|x64
		{AA5C34CF-6F6A-4B2C-B067-D9AABCAC1B6B}.Debug|x86.ActiveCfg = Debug|x86
		{AA5C34CF-6F6A-4B2C-B067-D9AABCAC1B6B}.Debug|x86.Build.0 = Debug|x86
		{AA5C34CF-6F6A-4B2C-B067-D9AABCAC1B6B}.Release|Any CPU.ActiveCfg = Release|Any CPU
		{AA5C34CF-6F6A-4B2C-B067-D9AABCAC1B6B}.Release|Any CPU.Build.0 = Release|Any CPU
		{AA5C34CF-6F6A-4B2C-B067-D9AABCAC1B6B}.Release|Mixed Platforms.ActiveCfg = Release|x86
		{AA5C34CF-6F6A-4B2C-B067-D9AABCAC1B6B}.Release|Mixed Platforms.Build.0 = Release|x86
		{AA5C34CF-6F6A-4B2C-B067-D9AABCAC1B6B}.Release|x64.ActiveCfg = Release|x64
		{AA5C34CF-6F6A-4B2C-B067-D9AABCAC1B6B}.Release|x64.Build.0 = Release|x64
		{AA5C34CF-6F6A-4B2C-B067-D9AABCAC1B6B}.Release|x86.ActiveCfg = Release|x86
		{AA5C34CF-6F6A-4B2C-B067-D9AABCAC1B6B}.Release|x86.Build.0 = Release|x86
		{09737A87-92B1-4E3C-93B6-1D4377F5FAAC}.Debug|Any CPU.ActiveCfg = Debug|Any CPU
		{09737A87-92B1-4E3C-93B6-1D4377F5FAAC}.Debug|Any CPU.Build.0 = Debug|Any CPU
		{09737A87-92B1-4E3C-93B6-1D4377F5FAAC}.Debug|Mixed Platforms.ActiveCfg = Debug|Any CPU
		{09737A87-92B1-4E3C-93B6-1D4377F5FAAC}.Debug|Mixed Platforms.Build.0 = Debug|Any CPU
		{09737A87-92B1-4E3C-93B6-1D4377F5FAAC}.Debug|x64.ActiveCfg = Debug|Any CPU
		{09737A87-92B1-4E3C-93B6-1D4377F5FAAC}.Debug|x64.Build.0 = Debug|Any CPU
		{09737A87-92B1-4E3C-93B6-1D4377F5FAAC}.Debug|x86.ActiveCfg = Debug|Any CPU
		{09737A87-92B1-4E3C-93B6-1D4377F5FAAC}.Debug|x86.Build.0 = Debug|Any CPU
		{09737A87-92B1-4E3C-93B6-1D4377F5FAAC}.Release|Any CPU.ActiveCfg = Release|Any CPU
		{09737A87-92B1-4E3C-93B6-1D4377F5FAAC}.Release|Any CPU.Build.0 = Release|Any CPU
		{09737A87-92B1-4E3C-93B6-1D4377F5FAAC}.Release|Mixed Platforms.ActiveCfg = Release|Any CPU
		{09737A87-92B1-4E3C-93B6-1D4377F5FAAC}.Release|Mixed Platforms.Build.0 = Release|Any CPU
		{09737A87-92B1-4E3C-93B6-1D4377F5FAAC}.Release|x64.ActiveCfg = Release|Any CPU
		{09737A87-92B1-4E3C-93B6-1D4377F5FAAC}.Release|x64.Build.0 = Release|Any CPU
		{09737A87-92B1-4E3C-93B6-1D4377F5FAAC}.Release|x86.ActiveCfg = Release|Any CPU
		{09737A87-92B1-4E3C-93B6-1D4377F5FAAC}.Release|x86.Build.0 = Release|Any CPU
		{720B967A-6F4C-4E67-8493-20F6D6AD30F7}.Debug|Any CPU.ActiveCfg = Debug|Any CPU
		{720B967A-6F4C-4E67-8493-20F6D6AD30F7}.Debug|Any CPU.Build.0 = Debug|Any CPU
		{720B967A-6F4C-4E67-8493-20F6D6AD30F7}.Debug|Mixed Platforms.ActiveCfg = Debug|Any CPU
		{720B967A-6F4C-4E67-8493-20F6D6AD30F7}.Debug|Mixed Platforms.Build.0 = Debug|Any CPU
		{720B967A-6F4C-4E67-8493-20F6D6AD30F7}.Debug|x64.ActiveCfg = Debug|Any CPU
		{720B967A-6F4C-4E67-8493-20F6D6AD30F7}.Debug|x64.Build.0 = Debug|Any CPU
		{720B967A-6F4C-4E67-8493-20F6D6AD30F7}.Debug|x86.ActiveCfg = Debug|Any CPU
		{720B967A-6F4C-4E67-8493-20F6D6AD30F7}.Debug|x86.Build.0 = Debug|Any CPU
		{720B967A-6F4C-4E67-8493-20F6D6AD30F7}.Release|Any CPU.ActiveCfg = Release|Any CPU
		{720B967A-6F4C-4E67-8493-20F6D6AD30F7}.Release|Any CPU.Build.0 = Release|Any CPU
		{720B967A-6F4C-4E67-8493-20F6D6AD30F7}.Release|Mixed Platforms.ActiveCfg = Release|Any CPU
		{720B967A-6F4C-4E67-8493-20F6D6AD30F7}.Release|Mixed Platforms.Build.0 = Release|Any CPU
		{720B967A-6F4C-4E67-8493-20F6D6AD30F7}.Release|x64.ActiveCfg = Release|Any CPU
		{720B967A-6F4C-4E67-8493-20F6D6AD30F7}.Release|x64.Build.0 = Release|Any CPU
		{720B967A-6F4C-4E67-8493-20F6D6AD30F7}.Release|x86.ActiveCfg = Release|Any CPU
		{720B967A-6F4C-4E67-8493-20F6D6AD30F7}.Release|x86.Build.0 = Release|Any CPU
		{01A0CE1F-5564-4B73-897B-0633B42EECBD}.Debug|Any CPU.ActiveCfg = Debug|Any CPU
		{01A0CE1F-5564-4B73-897B-0633B42EECBD}.Debug|Any CPU.Build.0 = Debug|Any CPU
		{01A0CE1F-5564-4B73-897B-0633B42EECBD}.Debug|Mixed Platforms.ActiveCfg = Debug|x86
		{01A0CE1F-5564-4B73-897B-0633B42EECBD}.Debug|Mixed Platforms.Build.0 = Debug|x86
		{01A0CE1F-5564-4B73-897B-0633B42EECBD}.Debug|x64.ActiveCfg = Debug|x64
		{01A0CE1F-5564-4B73-897B-0633B42EECBD}.Debug|x64.Build.0 = Debug|x64
		{01A0CE1F-5564-4B73-897B-0633B42EECBD}.Debug|x86.ActiveCfg = Debug|Any CPU
		{01A0CE1F-5564-4B73-897B-0633B42EECBD}.Debug|x86.Build.0 = Debug|Any CPU
		{01A0CE1F-5564-4B73-897B-0633B42EECBD}.Release|Any CPU.ActiveCfg = Release|Any CPU
		{01A0CE1F-5564-4B73-897B-0633B42EECBD}.Release|Any CPU.Build.0 = Release|Any CPU
		{01A0CE1F-5564-4B73-897B-0633B42EECBD}.Release|Mixed Platforms.ActiveCfg = Release|x86
		{01A0CE1F-5564-4B73-897B-0633B42EECBD}.Release|Mixed Platforms.Build.0 = Release|x86
		{01A0CE1F-5564-4B73-897B-0633B42EECBD}.Release|x64.ActiveCfg = Release|x64
		{01A0CE1F-5564-4B73-897B-0633B42EECBD}.Release|x64.Build.0 = Release|x64
		{01A0CE1F-5564-4B73-897B-0633B42EECBD}.Release|x86.ActiveCfg = Release|x86
		{01A0CE1F-5564-4B73-897B-0633B42EECBD}.Release|x86.Build.0 = Release|x86
		{6F104FAF-73BE-4AA9-AAFC-7149F9CDEA75}.Debug|Any CPU.ActiveCfg = Debug|Any CPU
		{6F104FAF-73BE-4AA9-AAFC-7149F9CDEA75}.Debug|Any CPU.Build.0 = Debug|Any CPU
		{6F104FAF-73BE-4AA9-AAFC-7149F9CDEA75}.Debug|Mixed Platforms.ActiveCfg = Debug|Any CPU
		{6F104FAF-73BE-4AA9-AAFC-7149F9CDEA75}.Debug|Mixed Platforms.Build.0 = Debug|Any CPU
		{6F104FAF-73BE-4AA9-AAFC-7149F9CDEA75}.Debug|x64.ActiveCfg = Debug|Any CPU
		{6F104FAF-73BE-4AA9-AAFC-7149F9CDEA75}.Debug|x64.Build.0 = Debug|Any CPU
		{6F104FAF-73BE-4AA9-AAFC-7149F9CDEA75}.Debug|x86.ActiveCfg = Debug|Any CPU
		{6F104FAF-73BE-4AA9-AAFC-7149F9CDEA75}.Debug|x86.Build.0 = Debug|Any CPU
		{6F104FAF-73BE-4AA9-AAFC-7149F9CDEA75}.Release|Any CPU.ActiveCfg = Release|Any CPU
		{6F104FAF-73BE-4AA9-AAFC-7149F9CDEA75}.Release|Any CPU.Build.0 = Release|Any CPU
		{6F104FAF-73BE-4AA9-AAFC-7149F9CDEA75}.Release|Mixed Platforms.ActiveCfg = Release|Any CPU
		{6F104FAF-73BE-4AA9-AAFC-7149F9CDEA75}.Release|Mixed Platforms.Build.0 = Release|Any CPU
		{6F104FAF-73BE-4AA9-AAFC-7149F9CDEA75}.Release|x64.ActiveCfg = Release|Any CPU
		{6F104FAF-73BE-4AA9-AAFC-7149F9CDEA75}.Release|x64.Build.0 = Release|Any CPU
		{6F104FAF-73BE-4AA9-AAFC-7149F9CDEA75}.Release|x86.ActiveCfg = Release|Any CPU
		{6F104FAF-73BE-4AA9-AAFC-7149F9CDEA75}.Release|x86.Build.0 = Release|Any CPU
	EndGlobalSection
	GlobalSection(SolutionProperties) = preSolution
		HideSolutionNode = FALSE
	EndGlobalSection
	GlobalSection(NestedProjects) = preSolution
		{D676A70F-B596-4150-968E-3D11DDDE29C3} = {66326038-3694-4447-BA6E-8B6185B82F98}
		{2D4E577E-CDC4-4319-9B90-CD2748A1B75C} = {66326038-3694-4447-BA6E-8B6185B82F98}
		{DF459A59-5C58-4930-AB44-9B3D6E36CD98} = {66326038-3694-4447-BA6E-8B6185B82F98}
		{AA5C34CF-6F6A-4B2C-B067-D9AABCAC1B6B} = {66326038-3694-4447-BA6E-8B6185B82F98}
		{09737A87-92B1-4E3C-93B6-1D4377F5FAAC} = {BB64AF01-2416-4698-81FE-F3D618CFDE9B}
		{720B967A-6F4C-4E67-8493-20F6D6AD30F7} = {BB64AF01-2416-4698-81FE-F3D618CFDE9B}
		{01A0CE1F-5564-4B73-897B-0633B42EECBD} = {BB64AF01-2416-4698-81FE-F3D618CFDE9B}
		{6F104FAF-73BE-4AA9-AAFC-7149F9CDEA75} = {BB64AF01-2416-4698-81FE-F3D618CFDE9B}
	EndGlobalSection
	GlobalSection(ExtensibilityGlobals) = postSolution
		EnterpriseLibraryConfigurationToolBinariesPath = packages\Unity.2.1.505.2\lib\NET35;packages\Unity.Interception.2.1.505.2\lib\NET35
		SolutionGuid = {A39142B0-CEA4-4FF1-877B-6FBBA3174401}
	EndGlobalSection
EndGlobal
