
Microsoft Visual Studio Solution File, Format Version 12.00
# Visual Studio Version 16
VisualStudioVersion = 16.0.28407.52
MinimumVisualStudioVersion = 10.0.40219.1
Project("{FAE04EC0-301F-11D3-BF4B-00C04F79EFBC}") = "DDJ.Main", "DDJ\DDJ.Main\DDJ.Main.csproj", "{86DF0116-7D1B-4950-A4E4-F7E7008C42AE}"
EndProject
Project("{FAE04EC0-301F-11D3-BF4B-00C04F79EFBC}") = "DDJ.DB", "DDJ\DDJ.DB\DDJ.DB.csproj", "{42386634-B7A3-42CF-BE77-130B772D9D40}"
EndProject
Project("{FAE04EC0-301F-11D3-BF4B-00C04F79EFBC}") = "DDJ.Proto", "DDJ\DDJ.Proto\DDJ.Proto.csproj", "{D6922119-9A3B-4FA5-9CA6-DC2F1FD75A2E}"
EndProject
Project("{FAE04EC0-301F-11D3-BF4B-00C04F79EFBC}") = "DDJ.AudioCompare.Lib", "DDJ\DDJ.AudioCompare.Lib\DDJ.AudioCompare.Lib.csproj", "{BB8D9FEE-75AA-4380-8395-4096B8530BEB}"
EndProject
Project("{FAE04EC0-301F-11D3-BF4B-00C04F79EFBC}") = "DDJ.AudioCompare.App", "DDJ\DDJ.AudioCompare.App\DDJ.AudioCompare.App.csproj", "{284BB273-D055-4422-AD64-6642F8761C6B}"
EndProject
Project("{FAE04EC0-301F-11D3-BF4B-00C04F79EFBC}") = "Common.UI.Lib", "Cmn\Common.UI.Lib\Common.UI.Lib.csproj", "{2D4E577E-CDC4-4319-9B90-CD2748A1B75C}"
EndProject
Project("{FAE04EC0-301F-11D3-BF4B-00C04F79EFBC}") = "VPC", "VPC\VPC\VPC.csproj", "{D676A70F-B596-4150-968E-3D11DDDE29C3}"
EndProject
Project("{FAE04EC0-301F-11D3-BF4B-00C04F79EFBC}") = "VPXx", "VPXx\VPXx.csproj", "{0703AE56-0F61-435D-B1A3-F49AF5443442}"
EndProject
Project("{FAE04EC0-301F-11D3-BF4B-00C04F79EFBC}") = "VPX", "VPX\VPX.csproj", "{EA39C2E7-8FA2-49BC-ACA9-36A30097557D}"
EndProject
Project("{FAE04EC0-301F-11D3-BF4B-00C04F79EFBC}") = "xPocBits", "xPocBits\xPocBits.csproj", "{A7A3DAE7-6610-41F6-A1E8-F1E4F7E159E7}"
EndProject
Project("{FAE04EC0-301F-11D3-BF4B-00C04F79EFBC}") = "ApxBgt", "ApxBgt\ApxBgt.csproj", "{5E04C7D0-0BEF-4ABD-979A-2A18FF96E99A}"
EndProject
Project("{FAE04EC0-301F-11D3-BF4B-00C04F79EFBC}") = "ApxCmn", "ApxCmn\ApxCmn.csproj", "{E3BCA959-F36F-489F-A104-80E6E1E0F795}"
EndProject
Project("{FAE04EC0-301F-11D3-BF4B-00C04F79EFBC}") = "VpxCmn", "VpxCmn\VpxCmn.csproj", "{BE86C60B-0B94-42E4-98E7-42ABD0B5B818}"
EndProject
Project("{FAE04EC0-301F-11D3-BF4B-00C04F79EFBC}") = "xVideoPlayerBackground", "VideoPlayerBackground\xVideoPlayerBackground.csproj", "{3F932B7A-D824-4842-8926-F085AC7126DC}"
EndProject
Project("{FAE04EC0-301F-11D3-BF4B-00C04F79EFBC}") = "ABR", "ABR\ABR.csproj", "{50A1D563-FC69-4EEF-8D4E-1499D4632B2D}"
EndProject
Project("{9A19103F-16F7-4668-BE54-9A1E7A4F7556}") = "AAV.Sys", "..\..\AAV.Shared\Src\Net6.0\AAV.Sys\AAV.Sys.csproj", "{40F87211-3FDA-47BA-A613-A0FE942839B1}"
EndProject
Project("{FAE04EC0-301F-11D3-BF4B-00C04F79EFBC}") = "AAV.WPF.4.8", "..\..\AAV.Shared\Src\Net4.8\AAV.WPF\AAV.WPF.4.8.csproj", "{1CE2C02F-5FA8-41CA-AC2E-BA91AB283A02}"
EndProject
Project("{FAE04EC0-301F-11D3-BF4B-00C04F79EFBC}") = "AAV.Mvvm", "..\..\AAV.Shared\Src\Net4.8\AAV.Mvvm\AAV.Mvvm.csproj", "{4E1334F8-B843-41DD-96A8-64A41F528CFF}"
EndProject
Global
	GlobalSection(SolutionConfigurationPlatforms) = preSolution
		Debug|Any CPU = Debug|Any CPU
		Debug|ARM = Debug|ARM
		Debug|Mixed Platforms = Debug|Mixed Platforms
		Debug|x64 = Debug|x64
		Debug|x86 = Debug|x86
		Release|Any CPU = Release|Any CPU
		Release|ARM = Release|ARM
		Release|Mixed Platforms = Release|Mixed Platforms
		Release|x64 = Release|x64
		Release|x86 = Release|x86
	EndGlobalSection
	GlobalSection(ProjectConfigurationPlatforms) = postSolution
		{86DF0116-7D1B-4950-A4E4-F7E7008C42AE}.Debug|Any CPU.ActiveCfg = Debug|Any CPU
		{86DF0116-7D1B-4950-A4E4-F7E7008C42AE}.Debug|Any CPU.Build.0 = Debug|Any CPU
		{86DF0116-7D1B-4950-A4E4-F7E7008C42AE}.Debug|ARM.ActiveCfg = Debug|Any CPU
		{86DF0116-7D1B-4950-A4E4-F7E7008C42AE}.Debug|Mixed Platforms.ActiveCfg = Debug|x86
		{86DF0116-7D1B-4950-A4E4-F7E7008C42AE}.Debug|Mixed Platforms.Build.0 = Debug|x86
		{86DF0116-7D1B-4950-A4E4-F7E7008C42AE}.Debug|x64.ActiveCfg = Debug|Any CPU
		{86DF0116-7D1B-4950-A4E4-F7E7008C42AE}.Debug|x86.ActiveCfg = Debug|x86
		{86DF0116-7D1B-4950-A4E4-F7E7008C42AE}.Debug|x86.Build.0 = Debug|x86
		{86DF0116-7D1B-4950-A4E4-F7E7008C42AE}.Release|Any CPU.ActiveCfg = Release|Any CPU
		{86DF0116-7D1B-4950-A4E4-F7E7008C42AE}.Release|Any CPU.Build.0 = Release|Any CPU
		{86DF0116-7D1B-4950-A4E4-F7E7008C42AE}.Release|ARM.ActiveCfg = Release|Any CPU
		{86DF0116-7D1B-4950-A4E4-F7E7008C42AE}.Release|ARM.Build.0 = Release|Any CPU
		{86DF0116-7D1B-4950-A4E4-F7E7008C42AE}.Release|Mixed Platforms.ActiveCfg = Release|x86
		{86DF0116-7D1B-4950-A4E4-F7E7008C42AE}.Release|Mixed Platforms.Build.0 = Release|x86
		{86DF0116-7D1B-4950-A4E4-F7E7008C42AE}.Release|x64.ActiveCfg = Release|Any CPU
		{86DF0116-7D1B-4950-A4E4-F7E7008C42AE}.Release|x86.ActiveCfg = Release|x86
		{86DF0116-7D1B-4950-A4E4-F7E7008C42AE}.Release|x86.Build.0 = Release|x86
		{42386634-B7A3-42CF-BE77-130B772D9D40}.Debug|Any CPU.ActiveCfg = Debug|Any CPU
		{42386634-B7A3-42CF-BE77-130B772D9D40}.Debug|Any CPU.Build.0 = Debug|Any CPU
		{42386634-B7A3-42CF-BE77-130B772D9D40}.Debug|ARM.ActiveCfg = Debug|Any CPU
		{42386634-B7A3-42CF-BE77-130B772D9D40}.Debug|Mixed Platforms.ActiveCfg = Debug|x86
		{42386634-B7A3-42CF-BE77-130B772D9D40}.Debug|Mixed Platforms.Build.0 = Debug|x86
		{42386634-B7A3-42CF-BE77-130B772D9D40}.Debug|x64.ActiveCfg = Debug|Any CPU
		{42386634-B7A3-42CF-BE77-130B772D9D40}.Debug|x86.ActiveCfg = Debug|x86
		{42386634-B7A3-42CF-BE77-130B772D9D40}.Debug|x86.Build.0 = Debug|x86
		{42386634-B7A3-42CF-BE77-130B772D9D40}.Release|Any CPU.ActiveCfg = Release|Any CPU
		{42386634-B7A3-42CF-BE77-130B772D9D40}.Release|Any CPU.Build.0 = Release|Any CPU
		{42386634-B7A3-42CF-BE77-130B772D9D40}.Release|ARM.ActiveCfg = Release|Any CPU
		{42386634-B7A3-42CF-BE77-130B772D9D40}.Release|ARM.Build.0 = Release|Any CPU
		{42386634-B7A3-42CF-BE77-130B772D9D40}.Release|Mixed Platforms.ActiveCfg = Release|x86
		{42386634-B7A3-42CF-BE77-130B772D9D40}.Release|Mixed Platforms.Build.0 = Release|x86
		{42386634-B7A3-42CF-BE77-130B772D9D40}.Release|x64.ActiveCfg = Release|Any CPU
		{42386634-B7A3-42CF-BE77-130B772D9D40}.Release|x86.ActiveCfg = Release|x86
		{42386634-B7A3-42CF-BE77-130B772D9D40}.Release|x86.Build.0 = Release|x86
		{D6922119-9A3B-4FA5-9CA6-DC2F1FD75A2E}.Debug|Any CPU.ActiveCfg = Debug|Any CPU
		{D6922119-9A3B-4FA5-9CA6-DC2F1FD75A2E}.Debug|Any CPU.Build.0 = Debug|Any CPU
		{D6922119-9A3B-4FA5-9CA6-DC2F1FD75A2E}.Debug|ARM.ActiveCfg = Debug|Any CPU
		{D6922119-9A3B-4FA5-9CA6-DC2F1FD75A2E}.Debug|Mixed Platforms.ActiveCfg = Debug|x86
		{D6922119-9A3B-4FA5-9CA6-DC2F1FD75A2E}.Debug|Mixed Platforms.Build.0 = Debug|x86
		{D6922119-9A3B-4FA5-9CA6-DC2F1FD75A2E}.Debug|x64.ActiveCfg = Debug|Any CPU
		{D6922119-9A3B-4FA5-9CA6-DC2F1FD75A2E}.Debug|x86.ActiveCfg = Debug|x86
		{D6922119-9A3B-4FA5-9CA6-DC2F1FD75A2E}.Debug|x86.Build.0 = Debug|x86
		{D6922119-9A3B-4FA5-9CA6-DC2F1FD75A2E}.Release|Any CPU.ActiveCfg = Release|Any CPU
		{D6922119-9A3B-4FA5-9CA6-DC2F1FD75A2E}.Release|Any CPU.Build.0 = Release|Any CPU
		{D6922119-9A3B-4FA5-9CA6-DC2F1FD75A2E}.Release|ARM.ActiveCfg = Release|Any CPU
		{D6922119-9A3B-4FA5-9CA6-DC2F1FD75A2E}.Release|ARM.Build.0 = Release|Any CPU
		{D6922119-9A3B-4FA5-9CA6-DC2F1FD75A2E}.Release|Mixed Platforms.ActiveCfg = Release|x86
		{D6922119-9A3B-4FA5-9CA6-DC2F1FD75A2E}.Release|Mixed Platforms.Build.0 = Release|x86
		{D6922119-9A3B-4FA5-9CA6-DC2F1FD75A2E}.Release|x64.ActiveCfg = Release|Any CPU
		{D6922119-9A3B-4FA5-9CA6-DC2F1FD75A2E}.Release|x86.ActiveCfg = Release|x86
		{D6922119-9A3B-4FA5-9CA6-DC2F1FD75A2E}.Release|x86.Build.0 = Release|x86
		{BB8D9FEE-75AA-4380-8395-4096B8530BEB}.Debug|Any CPU.ActiveCfg = Debug|Any CPU
		{BB8D9FEE-75AA-4380-8395-4096B8530BEB}.Debug|Any CPU.Build.0 = Debug|Any CPU
		{BB8D9FEE-75AA-4380-8395-4096B8530BEB}.Debug|ARM.ActiveCfg = Debug|Any CPU
		{BB8D9FEE-75AA-4380-8395-4096B8530BEB}.Debug|Mixed Platforms.ActiveCfg = Debug|x86
		{BB8D9FEE-75AA-4380-8395-4096B8530BEB}.Debug|Mixed Platforms.Build.0 = Debug|x86
		{BB8D9FEE-75AA-4380-8395-4096B8530BEB}.Debug|x64.ActiveCfg = Debug|x64
		{BB8D9FEE-75AA-4380-8395-4096B8530BEB}.Debug|x64.Build.0 = Debug|x64
		{BB8D9FEE-75AA-4380-8395-4096B8530BEB}.Debug|x86.ActiveCfg = Debug|x86
		{BB8D9FEE-75AA-4380-8395-4096B8530BEB}.Debug|x86.Build.0 = Debug|x86
		{BB8D9FEE-75AA-4380-8395-4096B8530BEB}.Release|Any CPU.ActiveCfg = Release|Any CPU
		{BB8D9FEE-75AA-4380-8395-4096B8530BEB}.Release|Any CPU.Build.0 = Release|Any CPU
		{BB8D9FEE-75AA-4380-8395-4096B8530BEB}.Release|ARM.ActiveCfg = Release|Any CPU
		{BB8D9FEE-75AA-4380-8395-4096B8530BEB}.Release|ARM.Build.0 = Release|Any CPU
		{BB8D9FEE-75AA-4380-8395-4096B8530BEB}.Release|Mixed Platforms.ActiveCfg = Release|Any CPU
		{BB8D9FEE-75AA-4380-8395-4096B8530BEB}.Release|Mixed Platforms.Build.0 = Release|Any CPU
		{BB8D9FEE-75AA-4380-8395-4096B8530BEB}.Release|x64.ActiveCfg = Release|x64
		{BB8D9FEE-75AA-4380-8395-4096B8530BEB}.Release|x64.Build.0 = Release|x64
		{BB8D9FEE-75AA-4380-8395-4096B8530BEB}.Release|x86.ActiveCfg = Release|x86
		{BB8D9FEE-75AA-4380-8395-4096B8530BEB}.Release|x86.Build.0 = Release|x86
		{284BB273-D055-4422-AD64-6642F8761C6B}.Debug|Any CPU.ActiveCfg = Debug|Any CPU
		{284BB273-D055-4422-AD64-6642F8761C6B}.Debug|Any CPU.Build.0 = Debug|Any CPU
		{284BB273-D055-4422-AD64-6642F8761C6B}.Debug|ARM.ActiveCfg = Debug|Any CPU
		{284BB273-D055-4422-AD64-6642F8761C6B}.Debug|Mixed Platforms.ActiveCfg = Debug|x86
		{284BB273-D055-4422-AD64-6642F8761C6B}.Debug|Mixed Platforms.Build.0 = Debug|x86
		{284BB273-D055-4422-AD64-6642F8761C6B}.Debug|x64.ActiveCfg = Debug|Any CPU
		{284BB273-D055-4422-AD64-6642F8761C6B}.Debug|x86.ActiveCfg = Debug|x86
		{284BB273-D055-4422-AD64-6642F8761C6B}.Debug|x86.Build.0 = Debug|x86
		{284BB273-D055-4422-AD64-6642F8761C6B}.Release|Any CPU.ActiveCfg = Release|Any CPU
		{284BB273-D055-4422-AD64-6642F8761C6B}.Release|Any CPU.Build.0 = Release|Any CPU
		{284BB273-D055-4422-AD64-6642F8761C6B}.Release|ARM.ActiveCfg = Release|Any CPU
		{284BB273-D055-4422-AD64-6642F8761C6B}.Release|ARM.Build.0 = Release|Any CPU
		{284BB273-D055-4422-AD64-6642F8761C6B}.Release|Mixed Platforms.ActiveCfg = Release|Any CPU
		{284BB273-D055-4422-AD64-6642F8761C6B}.Release|Mixed Platforms.Build.0 = Release|Any CPU
		{284BB273-D055-4422-AD64-6642F8761C6B}.Release|x64.ActiveCfg = Release|Any CPU
		{284BB273-D055-4422-AD64-6642F8761C6B}.Release|x86.ActiveCfg = Release|x86
		{284BB273-D055-4422-AD64-6642F8761C6B}.Release|x86.Build.0 = Release|x86
		{2D4E577E-CDC4-4319-9B90-CD2748A1B75C}.Debug|Any CPU.ActiveCfg = Debug|Any CPU
		{2D4E577E-CDC4-4319-9B90-CD2748A1B75C}.Debug|Any CPU.Build.0 = Debug|Any CPU
		{2D4E577E-CDC4-4319-9B90-CD2748A1B75C}.Debug|ARM.ActiveCfg = Debug|Any CPU
		{2D4E577E-CDC4-4319-9B90-CD2748A1B75C}.Debug|Mixed Platforms.ActiveCfg = Debug|x86
		{2D4E577E-CDC4-4319-9B90-CD2748A1B75C}.Debug|Mixed Platforms.Build.0 = Debug|x86
		{2D4E577E-CDC4-4319-9B90-CD2748A1B75C}.Debug|x64.ActiveCfg = Debug|Any CPU
		{2D4E577E-CDC4-4319-9B90-CD2748A1B75C}.Debug|x86.ActiveCfg = Debug|x86
		{2D4E577E-CDC4-4319-9B90-CD2748A1B75C}.Debug|x86.Build.0 = Debug|x86
		{2D4E577E-CDC4-4319-9B90-CD2748A1B75C}.Release|Any CPU.ActiveCfg = Release|Any CPU
		{2D4E577E-CDC4-4319-9B90-CD2748A1B75C}.Release|Any CPU.Build.0 = Release|Any CPU
		{2D4E577E-CDC4-4319-9B90-CD2748A1B75C}.Release|ARM.ActiveCfg = Release|Any CPU
		{2D4E577E-CDC4-4319-9B90-CD2748A1B75C}.Release|ARM.Build.0 = Release|Any CPU
		{2D4E577E-CDC4-4319-9B90-CD2748A1B75C}.Release|Mixed Platforms.ActiveCfg = Release|x86
		{2D4E577E-CDC4-4319-9B90-CD2748A1B75C}.Release|Mixed Platforms.Build.0 = Release|x86
		{2D4E577E-CDC4-4319-9B90-CD2748A1B75C}.Release|x64.ActiveCfg = Release|Any CPU
		{2D4E577E-CDC4-4319-9B90-CD2748A1B75C}.Release|x86.ActiveCfg = Release|x86
		{2D4E577E-CDC4-4319-9B90-CD2748A1B75C}.Release|x86.Build.0 = Release|x86
		{D676A70F-B596-4150-968E-3D11DDDE29C3}.Debug|Any CPU.ActiveCfg = Debug|Any CPU
		{D676A70F-B596-4150-968E-3D11DDDE29C3}.Debug|Any CPU.Build.0 = Debug|Any CPU
		{D676A70F-B596-4150-968E-3D11DDDE29C3}.Debug|ARM.ActiveCfg = Debug|Any CPU
		{D676A70F-B596-4150-968E-3D11DDDE29C3}.Debug|Mixed Platforms.ActiveCfg = Debug|x86
		{D676A70F-B596-4150-968E-3D11DDDE29C3}.Debug|Mixed Platforms.Build.0 = Debug|x86
		{D676A70F-B596-4150-968E-3D11DDDE29C3}.Debug|x64.ActiveCfg = Debug|Any CPU
		{D676A70F-B596-4150-968E-3D11DDDE29C3}.Debug|x86.ActiveCfg = Debug|x86
		{D676A70F-B596-4150-968E-3D11DDDE29C3}.Debug|x86.Build.0 = Debug|x86
		{D676A70F-B596-4150-968E-3D11DDDE29C3}.Release|Any CPU.ActiveCfg = Release|Any CPU
		{D676A70F-B596-4150-968E-3D11DDDE29C3}.Release|Any CPU.Build.0 = Release|Any CPU
		{D676A70F-B596-4150-968E-3D11DDDE29C3}.Release|ARM.ActiveCfg = Release|Any CPU
		{D676A70F-B596-4150-968E-3D11DDDE29C3}.Release|ARM.Build.0 = Release|Any CPU
		{D676A70F-B596-4150-968E-3D11DDDE29C3}.Release|Mixed Platforms.ActiveCfg = Release|x86
		{D676A70F-B596-4150-968E-3D11DDDE29C3}.Release|Mixed Platforms.Build.0 = Release|x86
		{D676A70F-B596-4150-968E-3D11DDDE29C3}.Release|x64.ActiveCfg = Release|Any CPU
		{D676A70F-B596-4150-968E-3D11DDDE29C3}.Release|x86.ActiveCfg = Release|x86
		{D676A70F-B596-4150-968E-3D11DDDE29C3}.Release|x86.Build.0 = Release|x86
		{0703AE56-0F61-435D-B1A3-F49AF5443442}.Debug|Any CPU.ActiveCfg = Debug|x86
		{0703AE56-0F61-435D-B1A3-F49AF5443442}.Debug|ARM.ActiveCfg = Debug|ARM
		{0703AE56-0F61-435D-B1A3-F49AF5443442}.Debug|ARM.Build.0 = Debug|ARM
		{0703AE56-0F61-435D-B1A3-F49AF5443442}.Debug|ARM.Deploy.0 = Debug|ARM
		{0703AE56-0F61-435D-B1A3-F49AF5443442}.Debug|Mixed Platforms.ActiveCfg = Debug|x86
		{0703AE56-0F61-435D-B1A3-F49AF5443442}.Debug|Mixed Platforms.Build.0 = Debug|x86
		{0703AE56-0F61-435D-B1A3-F49AF5443442}.Debug|Mixed Platforms.Deploy.0 = Debug|x86
		{0703AE56-0F61-435D-B1A3-F49AF5443442}.Debug|x64.ActiveCfg = Debug|x64
		{0703AE56-0F61-435D-B1A3-F49AF5443442}.Debug|x64.Build.0 = Debug|x64
		{0703AE56-0F61-435D-B1A3-F49AF5443442}.Debug|x64.Deploy.0 = Debug|x64
		{0703AE56-0F61-435D-B1A3-F49AF5443442}.Debug|x86.ActiveCfg = Debug|x86
		{0703AE56-0F61-435D-B1A3-F49AF5443442}.Release|Any CPU.ActiveCfg = Release|x86
		{0703AE56-0F61-435D-B1A3-F49AF5443442}.Release|ARM.ActiveCfg = Release|ARM
		{0703AE56-0F61-435D-B1A3-F49AF5443442}.Release|ARM.Build.0 = Release|ARM
		{0703AE56-0F61-435D-B1A3-F49AF5443442}.Release|ARM.Deploy.0 = Release|ARM
		{0703AE56-0F61-435D-B1A3-F49AF5443442}.Release|Mixed Platforms.ActiveCfg = Release|x86
		{0703AE56-0F61-435D-B1A3-F49AF5443442}.Release|Mixed Platforms.Build.0 = Release|x86
		{0703AE56-0F61-435D-B1A3-F49AF5443442}.Release|Mixed Platforms.Deploy.0 = Release|x86
		{0703AE56-0F61-435D-B1A3-F49AF5443442}.Release|x64.ActiveCfg = Release|x64
		{0703AE56-0F61-435D-B1A3-F49AF5443442}.Release|x64.Build.0 = Release|x64
		{0703AE56-0F61-435D-B1A3-F49AF5443442}.Release|x64.Deploy.0 = Release|x64
		{0703AE56-0F61-435D-B1A3-F49AF5443442}.Release|x86.ActiveCfg = Release|x86
		{EA39C2E7-8FA2-49BC-ACA9-36A30097557D}.Debug|Any CPU.ActiveCfg = Debug|x86
		{EA39C2E7-8FA2-49BC-ACA9-36A30097557D}.Debug|ARM.ActiveCfg = Debug|ARM
		{EA39C2E7-8FA2-49BC-ACA9-36A30097557D}.Debug|ARM.Build.0 = Debug|ARM
		{EA39C2E7-8FA2-49BC-ACA9-36A30097557D}.Debug|ARM.Deploy.0 = Debug|ARM
		{EA39C2E7-8FA2-49BC-ACA9-36A30097557D}.Debug|Mixed Platforms.ActiveCfg = Debug|x86
		{EA39C2E7-8FA2-49BC-ACA9-36A30097557D}.Debug|Mixed Platforms.Build.0 = Debug|x86
		{EA39C2E7-8FA2-49BC-ACA9-36A30097557D}.Debug|Mixed Platforms.Deploy.0 = Debug|x86
		{EA39C2E7-8FA2-49BC-ACA9-36A30097557D}.Debug|x64.ActiveCfg = Debug|x64
		{EA39C2E7-8FA2-49BC-ACA9-36A30097557D}.Debug|x64.Build.0 = Debug|x64
		{EA39C2E7-8FA2-49BC-ACA9-36A30097557D}.Debug|x64.Deploy.0 = Debug|x64
		{EA39C2E7-8FA2-49BC-ACA9-36A30097557D}.Debug|x86.ActiveCfg = Debug|x86
		{EA39C2E7-8FA2-49BC-ACA9-36A30097557D}.Release|Any CPU.ActiveCfg = Release|x86
		{EA39C2E7-8FA2-49BC-ACA9-36A30097557D}.Release|ARM.ActiveCfg = Release|ARM
		{EA39C2E7-8FA2-49BC-ACA9-36A30097557D}.Release|ARM.Build.0 = Release|ARM
		{EA39C2E7-8FA2-49BC-ACA9-36A30097557D}.Release|ARM.Deploy.0 = Release|ARM
		{EA39C2E7-8FA2-49BC-ACA9-36A30097557D}.Release|Mixed Platforms.ActiveCfg = Release|x86
		{EA39C2E7-8FA2-49BC-ACA9-36A30097557D}.Release|Mixed Platforms.Build.0 = Release|x86
		{EA39C2E7-8FA2-49BC-ACA9-36A30097557D}.Release|Mixed Platforms.Deploy.0 = Release|x86
		{EA39C2E7-8FA2-49BC-ACA9-36A30097557D}.Release|x64.ActiveCfg = Release|x64
		{EA39C2E7-8FA2-49BC-ACA9-36A30097557D}.Release|x64.Build.0 = Release|x64
		{EA39C2E7-8FA2-49BC-ACA9-36A30097557D}.Release|x64.Deploy.0 = Release|x64
		{EA39C2E7-8FA2-49BC-ACA9-36A30097557D}.Release|x86.ActiveCfg = Release|x86
		{A7A3DAE7-6610-41F6-A1E8-F1E4F7E159E7}.Debug|Any CPU.ActiveCfg = Debug|x86
		{A7A3DAE7-6610-41F6-A1E8-F1E4F7E159E7}.Debug|ARM.ActiveCfg = Debug|ARM
		{A7A3DAE7-6610-41F6-A1E8-F1E4F7E159E7}.Debug|ARM.Build.0 = Debug|ARM
		{A7A3DAE7-6610-41F6-A1E8-F1E4F7E159E7}.Debug|ARM.Deploy.0 = Debug|ARM
		{A7A3DAE7-6610-41F6-A1E8-F1E4F7E159E7}.Debug|Mixed Platforms.ActiveCfg = Debug|x86
		{A7A3DAE7-6610-41F6-A1E8-F1E4F7E159E7}.Debug|Mixed Platforms.Build.0 = Debug|x86
		{A7A3DAE7-6610-41F6-A1E8-F1E4F7E159E7}.Debug|Mixed Platforms.Deploy.0 = Debug|x86
		{A7A3DAE7-6610-41F6-A1E8-F1E4F7E159E7}.Debug|x64.ActiveCfg = Debug|x64
		{A7A3DAE7-6610-41F6-A1E8-F1E4F7E159E7}.Debug|x64.Build.0 = Debug|x64
		{A7A3DAE7-6610-41F6-A1E8-F1E4F7E159E7}.Debug|x64.Deploy.0 = Debug|x64
		{A7A3DAE7-6610-41F6-A1E8-F1E4F7E159E7}.Debug|x86.ActiveCfg = Debug|x86
		{A7A3DAE7-6610-41F6-A1E8-F1E4F7E159E7}.Release|Any CPU.ActiveCfg = Release|x86
		{A7A3DAE7-6610-41F6-A1E8-F1E4F7E159E7}.Release|ARM.ActiveCfg = Release|ARM
		{A7A3DAE7-6610-41F6-A1E8-F1E4F7E159E7}.Release|ARM.Build.0 = Release|ARM
		{A7A3DAE7-6610-41F6-A1E8-F1E4F7E159E7}.Release|ARM.Deploy.0 = Release|ARM
		{A7A3DAE7-6610-41F6-A1E8-F1E4F7E159E7}.Release|Mixed Platforms.ActiveCfg = Release|x86
		{A7A3DAE7-6610-41F6-A1E8-F1E4F7E159E7}.Release|Mixed Platforms.Build.0 = Release|x86
		{A7A3DAE7-6610-41F6-A1E8-F1E4F7E159E7}.Release|Mixed Platforms.Deploy.0 = Release|x86
		{A7A3DAE7-6610-41F6-A1E8-F1E4F7E159E7}.Release|x64.ActiveCfg = Release|x64
		{A7A3DAE7-6610-41F6-A1E8-F1E4F7E159E7}.Release|x64.Build.0 = Release|x64
		{A7A3DAE7-6610-41F6-A1E8-F1E4F7E159E7}.Release|x64.Deploy.0 = Release|x64
		{A7A3DAE7-6610-41F6-A1E8-F1E4F7E159E7}.Release|x86.ActiveCfg = Release|x86
		{5E04C7D0-0BEF-4ABD-979A-2A18FF96E99A}.Debug|Any CPU.ActiveCfg = Debug|Any CPU
		{5E04C7D0-0BEF-4ABD-979A-2A18FF96E99A}.Debug|Any CPU.Build.0 = Debug|Any CPU
		{5E04C7D0-0BEF-4ABD-979A-2A18FF96E99A}.Debug|ARM.ActiveCfg = Debug|ARM
		{5E04C7D0-0BEF-4ABD-979A-2A18FF96E99A}.Debug|ARM.Build.0 = Debug|ARM
		{5E04C7D0-0BEF-4ABD-979A-2A18FF96E99A}.Debug|Mixed Platforms.ActiveCfg = Debug|x86
		{5E04C7D0-0BEF-4ABD-979A-2A18FF96E99A}.Debug|Mixed Platforms.Build.0 = Debug|x86
		{5E04C7D0-0BEF-4ABD-979A-2A18FF96E99A}.Debug|x64.ActiveCfg = Debug|x64
		{5E04C7D0-0BEF-4ABD-979A-2A18FF96E99A}.Debug|x64.Build.0 = Debug|x64
		{5E04C7D0-0BEF-4ABD-979A-2A18FF96E99A}.Debug|x86.ActiveCfg = Debug|x86
		{5E04C7D0-0BEF-4ABD-979A-2A18FF96E99A}.Release|Any CPU.ActiveCfg = Release|Any CPU
		{5E04C7D0-0BEF-4ABD-979A-2A18FF96E99A}.Release|Any CPU.Build.0 = Release|Any CPU
		{5E04C7D0-0BEF-4ABD-979A-2A18FF96E99A}.Release|ARM.ActiveCfg = Release|ARM
		{5E04C7D0-0BEF-4ABD-979A-2A18FF96E99A}.Release|ARM.Build.0 = Release|ARM
		{5E04C7D0-0BEF-4ABD-979A-2A18FF96E99A}.Release|Mixed Platforms.ActiveCfg = Release|x86
		{5E04C7D0-0BEF-4ABD-979A-2A18FF96E99A}.Release|Mixed Platforms.Build.0 = Release|x86
		{5E04C7D0-0BEF-4ABD-979A-2A18FF96E99A}.Release|x64.ActiveCfg = Release|x64
		{5E04C7D0-0BEF-4ABD-979A-2A18FF96E99A}.Release|x64.Build.0 = Release|x64
		{5E04C7D0-0BEF-4ABD-979A-2A18FF96E99A}.Release|x86.ActiveCfg = Release|x86
		{5E04C7D0-0BEF-4ABD-979A-2A18FF96E99A}.Release|x86.Build.0 = Release|x86
		{E3BCA959-F36F-489F-A104-80E6E1E0F795}.Debug|Any CPU.ActiveCfg = Debug|Any CPU
		{E3BCA959-F36F-489F-A104-80E6E1E0F795}.Debug|Any CPU.Build.0 = Debug|Any CPU
		{E3BCA959-F36F-489F-A104-80E6E1E0F795}.Debug|ARM.ActiveCfg = Debug|ARM
		{E3BCA959-F36F-489F-A104-80E6E1E0F795}.Debug|ARM.Build.0 = Debug|ARM
		{E3BCA959-F36F-489F-A104-80E6E1E0F795}.Debug|Mixed Platforms.ActiveCfg = Debug|x86
		{E3BCA959-F36F-489F-A104-80E6E1E0F795}.Debug|Mixed Platforms.Build.0 = Debug|x86
		{E3BCA959-F36F-489F-A104-80E6E1E0F795}.Debug|x64.ActiveCfg = Debug|x64
		{E3BCA959-F36F-489F-A104-80E6E1E0F795}.Debug|x64.Build.0 = Debug|x64
		{E3BCA959-F36F-489F-A104-80E6E1E0F795}.Debug|x86.ActiveCfg = Debug|x86
		{E3BCA959-F36F-489F-A104-80E6E1E0F795}.Release|Any CPU.ActiveCfg = Release|Any CPU
		{E3BCA959-F36F-489F-A104-80E6E1E0F795}.Release|Any CPU.Build.0 = Release|Any CPU
		{E3BCA959-F36F-489F-A104-80E6E1E0F795}.Release|ARM.ActiveCfg = Release|ARM
		{E3BCA959-F36F-489F-A104-80E6E1E0F795}.Release|ARM.Build.0 = Release|ARM
		{E3BCA959-F36F-489F-A104-80E6E1E0F795}.Release|Mixed Platforms.ActiveCfg = Release|x86
		{E3BCA959-F36F-489F-A104-80E6E1E0F795}.Release|Mixed Platforms.Build.0 = Release|x86
		{E3BCA959-F36F-489F-A104-80E6E1E0F795}.Release|x64.ActiveCfg = Release|x64
		{E3BCA959-F36F-489F-A104-80E6E1E0F795}.Release|x64.Build.0 = Release|x64
		{E3BCA959-F36F-489F-A104-80E6E1E0F795}.Release|x86.ActiveCfg = Release|x86
		{E3BCA959-F36F-489F-A104-80E6E1E0F795}.Release|x86.Build.0 = Release|x86
		{BE86C60B-0B94-42E4-98E7-42ABD0B5B818}.Debug|Any CPU.ActiveCfg = Debug|Any CPU
		{BE86C60B-0B94-42E4-98E7-42ABD0B5B818}.Debug|Any CPU.Build.0 = Debug|Any CPU
		{BE86C60B-0B94-42E4-98E7-42ABD0B5B818}.Debug|ARM.ActiveCfg = Debug|ARM
		{BE86C60B-0B94-42E4-98E7-42ABD0B5B818}.Debug|ARM.Build.0 = Debug|ARM
		{BE86C60B-0B94-42E4-98E7-42ABD0B5B818}.Debug|Mixed Platforms.ActiveCfg = Debug|x86
		{BE86C60B-0B94-42E4-98E7-42ABD0B5B818}.Debug|Mixed Platforms.Build.0 = Debug|x86
		{BE86C60B-0B94-42E4-98E7-42ABD0B5B818}.Debug|x64.ActiveCfg = Debug|x64
		{BE86C60B-0B94-42E4-98E7-42ABD0B5B818}.Debug|x64.Build.0 = Debug|x64
		{BE86C60B-0B94-42E4-98E7-42ABD0B5B818}.Debug|x86.ActiveCfg = Debug|x86
		{BE86C60B-0B94-42E4-98E7-42ABD0B5B818}.Release|Any CPU.ActiveCfg = Release|Any CPU
		{BE86C60B-0B94-42E4-98E7-42ABD0B5B818}.Release|Any CPU.Build.0 = Release|Any CPU
		{BE86C60B-0B94-42E4-98E7-42ABD0B5B818}.Release|ARM.ActiveCfg = Release|ARM
		{BE86C60B-0B94-42E4-98E7-42ABD0B5B818}.Release|ARM.Build.0 = Release|ARM
		{BE86C60B-0B94-42E4-98E7-42ABD0B5B818}.Release|Mixed Platforms.ActiveCfg = Release|x86
		{BE86C60B-0B94-42E4-98E7-42ABD0B5B818}.Release|Mixed Platforms.Build.0 = Release|x86
		{BE86C60B-0B94-42E4-98E7-42ABD0B5B818}.Release|x64.ActiveCfg = Release|x64
		{BE86C60B-0B94-42E4-98E7-42ABD0B5B818}.Release|x64.Build.0 = Release|x64
		{BE86C60B-0B94-42E4-98E7-42ABD0B5B818}.Release|x86.ActiveCfg = Release|x86
		{BE86C60B-0B94-42E4-98E7-42ABD0B5B818}.Release|x86.Build.0 = Release|x86
		{3F932B7A-D824-4842-8926-F085AC7126DC}.Debug|Any CPU.ActiveCfg = Debug|x86
		{3F932B7A-D824-4842-8926-F085AC7126DC}.Debug|ARM.ActiveCfg = Debug|ARM
		{3F932B7A-D824-4842-8926-F085AC7126DC}.Debug|ARM.Build.0 = Debug|ARM
		{3F932B7A-D824-4842-8926-F085AC7126DC}.Debug|ARM.Deploy.0 = Debug|ARM
		{3F932B7A-D824-4842-8926-F085AC7126DC}.Debug|Mixed Platforms.ActiveCfg = Debug|x86
		{3F932B7A-D824-4842-8926-F085AC7126DC}.Debug|Mixed Platforms.Build.0 = Debug|x86
		{3F932B7A-D824-4842-8926-F085AC7126DC}.Debug|Mixed Platforms.Deploy.0 = Debug|x86
		{3F932B7A-D824-4842-8926-F085AC7126DC}.Debug|x64.ActiveCfg = Debug|x64
		{3F932B7A-D824-4842-8926-F085AC7126DC}.Debug|x64.Build.0 = Debug|x64
		{3F932B7A-D824-4842-8926-F085AC7126DC}.Debug|x64.Deploy.0 = Debug|x64
		{3F932B7A-D824-4842-8926-F085AC7126DC}.Debug|x86.ActiveCfg = Debug|x86
		{3F932B7A-D824-4842-8926-F085AC7126DC}.Release|Any CPU.ActiveCfg = Release|x86
		{3F932B7A-D824-4842-8926-F085AC7126DC}.Release|ARM.ActiveCfg = Release|ARM
		{3F932B7A-D824-4842-8926-F085AC7126DC}.Release|ARM.Build.0 = Release|ARM
		{3F932B7A-D824-4842-8926-F085AC7126DC}.Release|ARM.Deploy.0 = Release|ARM
		{3F932B7A-D824-4842-8926-F085AC7126DC}.Release|Mixed Platforms.ActiveCfg = Release|x86
		{3F932B7A-D824-4842-8926-F085AC7126DC}.Release|Mixed Platforms.Build.0 = Release|x86
		{3F932B7A-D824-4842-8926-F085AC7126DC}.Release|Mixed Platforms.Deploy.0 = Release|x86
		{3F932B7A-D824-4842-8926-F085AC7126DC}.Release|x64.ActiveCfg = Release|x64
		{3F932B7A-D824-4842-8926-F085AC7126DC}.Release|x64.Build.0 = Release|x64
		{3F932B7A-D824-4842-8926-F085AC7126DC}.Release|x64.Deploy.0 = Release|x64
		{3F932B7A-D824-4842-8926-F085AC7126DC}.Release|x86.ActiveCfg = Release|x86
		{50A1D563-FC69-4EEF-8D4E-1499D4632B2D}.Debug|Any CPU.ActiveCfg = Debug|x86
		{50A1D563-FC69-4EEF-8D4E-1499D4632B2D}.Debug|ARM.ActiveCfg = Debug|ARM
		{50A1D563-FC69-4EEF-8D4E-1499D4632B2D}.Debug|ARM.Build.0 = Debug|ARM
		{50A1D563-FC69-4EEF-8D4E-1499D4632B2D}.Debug|ARM.Deploy.0 = Debug|ARM
		{50A1D563-FC69-4EEF-8D4E-1499D4632B2D}.Debug|Mixed Platforms.ActiveCfg = Debug|x86
		{50A1D563-FC69-4EEF-8D4E-1499D4632B2D}.Debug|Mixed Platforms.Build.0 = Debug|x86
		{50A1D563-FC69-4EEF-8D4E-1499D4632B2D}.Debug|Mixed Platforms.Deploy.0 = Debug|x86
		{50A1D563-FC69-4EEF-8D4E-1499D4632B2D}.Debug|x64.ActiveCfg = Debug|x64
		{50A1D563-FC69-4EEF-8D4E-1499D4632B2D}.Debug|x64.Build.0 = Debug|x64
		{50A1D563-FC69-4EEF-8D4E-1499D4632B2D}.Debug|x64.Deploy.0 = Debug|x64
		{50A1D563-FC69-4EEF-8D4E-1499D4632B2D}.Debug|x86.ActiveCfg = Debug|x86
		{50A1D563-FC69-4EEF-8D4E-1499D4632B2D}.Release|Any CPU.ActiveCfg = Release|x86
		{50A1D563-FC69-4EEF-8D4E-1499D4632B2D}.Release|ARM.ActiveCfg = Release|ARM
		{50A1D563-FC69-4EEF-8D4E-1499D4632B2D}.Release|ARM.Build.0 = Release|ARM
		{50A1D563-FC69-4EEF-8D4E-1499D4632B2D}.Release|ARM.Deploy.0 = Release|ARM
		{50A1D563-FC69-4EEF-8D4E-1499D4632B2D}.Release|Mixed Platforms.ActiveCfg = Release|x86
		{50A1D563-FC69-4EEF-8D4E-1499D4632B2D}.Release|Mixed Platforms.Build.0 = Release|x86
		{50A1D563-FC69-4EEF-8D4E-1499D4632B2D}.Release|Mixed Platforms.Deploy.0 = Release|x86
		{50A1D563-FC69-4EEF-8D4E-1499D4632B2D}.Release|x64.ActiveCfg = Release|x64
		{50A1D563-FC69-4EEF-8D4E-1499D4632B2D}.Release|x64.Build.0 = Release|x64
		{50A1D563-FC69-4EEF-8D4E-1499D4632B2D}.Release|x64.Deploy.0 = Release|x64
		{50A1D563-FC69-4EEF-8D4E-1499D4632B2D}.Release|x86.ActiveCfg = Release|x86
		{50A1D563-FC69-4EEF-8D4E-1499D4632B2D}.Release|x86.Build.0 = Release|x86
		{40F87211-3FDA-47BA-A613-A0FE942839B1}.Debug|Any CPU.ActiveCfg = Debug|Any CPU
		{40F87211-3FDA-47BA-A613-A0FE942839B1}.Debug|Any CPU.Build.0 = Debug|Any CPU
		{40F87211-3FDA-47BA-A613-A0FE942839B1}.Debug|ARM.ActiveCfg = Debug|Any CPU
		{40F87211-3FDA-47BA-A613-A0FE942839B1}.Debug|ARM.Build.0 = Debug|Any CPU
		{40F87211-3FDA-47BA-A613-A0FE942839B1}.Debug|Mixed Platforms.ActiveCfg = Debug|x86
		{40F87211-3FDA-47BA-A613-A0FE942839B1}.Debug|Mixed Platforms.Build.0 = Debug|x86
		{40F87211-3FDA-47BA-A613-A0FE942839B1}.Debug|x64.ActiveCfg = Debug|x64
		{40F87211-3FDA-47BA-A613-A0FE942839B1}.Debug|x64.Build.0 = Debug|x64
		{40F87211-3FDA-47BA-A613-A0FE942839B1}.Debug|x86.ActiveCfg = Debug|x86
		{40F87211-3FDA-47BA-A613-A0FE942839B1}.Debug|x86.Build.0 = Debug|x86
		{40F87211-3FDA-47BA-A613-A0FE942839B1}.Release|Any CPU.ActiveCfg = Release|Any CPU
		{40F87211-3FDA-47BA-A613-A0FE942839B1}.Release|Any CPU.Build.0 = Release|Any CPU
		{40F87211-3FDA-47BA-A613-A0FE942839B1}.Release|ARM.ActiveCfg = Release|Any CPU
		{40F87211-3FDA-47BA-A613-A0FE942839B1}.Release|ARM.Build.0 = Release|Any CPU
		{40F87211-3FDA-47BA-A613-A0FE942839B1}.Release|Mixed Platforms.ActiveCfg = Release|x86
		{40F87211-3FDA-47BA-A613-A0FE942839B1}.Release|Mixed Platforms.Build.0 = Release|x86
		{40F87211-3FDA-47BA-A613-A0FE942839B1}.Release|x64.ActiveCfg = Release|x64
		{40F87211-3FDA-47BA-A613-A0FE942839B1}.Release|x64.Build.0 = Release|x64
		{40F87211-3FDA-47BA-A613-A0FE942839B1}.Release|x86.ActiveCfg = Release|x86
		{40F87211-3FDA-47BA-A613-A0FE942839B1}.Release|x86.Build.0 = Release|x86
		{1CE2C02F-5FA8-41CA-AC2E-BA91AB283A02}.Debug|Any CPU.ActiveCfg = Debug|Any CPU
		{1CE2C02F-5FA8-41CA-AC2E-BA91AB283A02}.Debug|Any CPU.Build.0 = Debug|Any CPU
		{1CE2C02F-5FA8-41CA-AC2E-BA91AB283A02}.Debug|ARM.ActiveCfg = Debug|Any CPU
		{1CE2C02F-5FA8-41CA-AC2E-BA91AB283A02}.Debug|ARM.Build.0 = Debug|Any CPU
		{1CE2C02F-5FA8-41CA-AC2E-BA91AB283A02}.Debug|Mixed Platforms.ActiveCfg = Debug|x86
		{1CE2C02F-5FA8-41CA-AC2E-BA91AB283A02}.Debug|Mixed Platforms.Build.0 = Debug|x86
		{1CE2C02F-5FA8-41CA-AC2E-BA91AB283A02}.Debug|x64.ActiveCfg = Debug|x64
		{1CE2C02F-5FA8-41CA-AC2E-BA91AB283A02}.Debug|x64.Build.0 = Debug|x64
		{1CE2C02F-5FA8-41CA-AC2E-BA91AB283A02}.Debug|x86.ActiveCfg = Debug|x86
		{1CE2C02F-5FA8-41CA-AC2E-BA91AB283A02}.Debug|x86.Build.0 = Debug|x86
		{1CE2C02F-5FA8-41CA-AC2E-BA91AB283A02}.Release|Any CPU.ActiveCfg = Release|Any CPU
		{1CE2C02F-5FA8-41CA-AC2E-BA91AB283A02}.Release|Any CPU.Build.0 = Release|Any CPU
		{1CE2C02F-5FA8-41CA-AC2E-BA91AB283A02}.Release|ARM.ActiveCfg = Release|Any CPU
		{1CE2C02F-5FA8-41CA-AC2E-BA91AB283A02}.Release|ARM.Build.0 = Release|Any CPU
		{1CE2C02F-5FA8-41CA-AC2E-BA91AB283A02}.Release|Mixed Platforms.ActiveCfg = Release|x86
		{1CE2C02F-5FA8-41CA-AC2E-BA91AB283A02}.Release|Mixed Platforms.Build.0 = Release|x86
		{1CE2C02F-5FA8-41CA-AC2E-BA91AB283A02}.Release|x64.ActiveCfg = Release|x64
		{1CE2C02F-5FA8-41CA-AC2E-BA91AB283A02}.Release|x64.Build.0 = Release|x64
		{1CE2C02F-5FA8-41CA-AC2E-BA91AB283A02}.Release|x86.ActiveCfg = Release|x86
		{1CE2C02F-5FA8-41CA-AC2E-BA91AB283A02}.Release|x86.Build.0 = Release|x86
		{4E1334F8-B843-41DD-96A8-64A41F528CFF}.Debug|Any CPU.ActiveCfg = Debug|Any CPU
		{4E1334F8-B843-41DD-96A8-64A41F528CFF}.Debug|Any CPU.Build.0 = Debug|Any CPU
		{4E1334F8-B843-41DD-96A8-64A41F528CFF}.Debug|ARM.ActiveCfg = Debug|Any CPU
		{4E1334F8-B843-41DD-96A8-64A41F528CFF}.Debug|ARM.Build.0 = Debug|Any CPU
		{4E1334F8-B843-41DD-96A8-64A41F528CFF}.Debug|Mixed Platforms.ActiveCfg = Debug|x86
		{4E1334F8-B843-41DD-96A8-64A41F528CFF}.Debug|Mixed Platforms.Build.0 = Debug|x86
		{4E1334F8-B843-41DD-96A8-64A41F528CFF}.Debug|x64.ActiveCfg = Debug|x64
		{4E1334F8-B843-41DD-96A8-64A41F528CFF}.Debug|x64.Build.0 = Debug|x64
		{4E1334F8-B843-41DD-96A8-64A41F528CFF}.Debug|x86.ActiveCfg = Debug|x86
		{4E1334F8-B843-41DD-96A8-64A41F528CFF}.Debug|x86.Build.0 = Debug|x86
		{4E1334F8-B843-41DD-96A8-64A41F528CFF}.Release|Any CPU.ActiveCfg = Release|Any CPU
		{4E1334F8-B843-41DD-96A8-64A41F528CFF}.Release|Any CPU.Build.0 = Release|Any CPU
		{4E1334F8-B843-41DD-96A8-64A41F528CFF}.Release|ARM.ActiveCfg = Release|Any CPU
		{4E1334F8-B843-41DD-96A8-64A41F528CFF}.Release|ARM.Build.0 = Release|Any CPU
		{4E1334F8-B843-41DD-96A8-64A41F528CFF}.Release|Mixed Platforms.ActiveCfg = Release|x86
		{4E1334F8-B843-41DD-96A8-64A41F528CFF}.Release|Mixed Platforms.Build.0 = Release|x86
		{4E1334F8-B843-41DD-96A8-64A41F528CFF}.Release|x64.ActiveCfg = Release|x64
		{4E1334F8-B843-41DD-96A8-64A41F528CFF}.Release|x64.Build.0 = Release|x64
		{4E1334F8-B843-41DD-96A8-64A41F528CFF}.Release|x86.ActiveCfg = Release|x86
		{4E1334F8-B843-41DD-96A8-64A41F528CFF}.Release|x86.Build.0 = Release|x86
	EndGlobalSection
	GlobalSection(SolutionProperties) = preSolution
		HideSolutionNode = FALSE
	EndGlobalSection
	GlobalSection(ExtensibilityGlobals) = postSolution
		SolutionGuid = {14C9B477-3A60-4CED-8B75-0384E72EAB7E}
	EndGlobalSection
EndGlobal
